// !$*UTF8*$!
{
	archiveVersion = 1;
	classes = {
	};
	objectVersion = 50;
	objects = {

/* Begin PBXBuildFile section */
		2E9ADFDA264D54CE00078CF1 /* FooterInvitationGroup.swift in Sources */ = {isa = PBXBuildFile; fileRef = 2E9ADFD9264D54CE00078CF1 /* FooterInvitationGroup.swift */; };
		AFC04236264C0D2B00B84696 /* ContentCover.swift in Sources */ = {isa = PBXBuildFile; fileRef = AFC04235264C0D2B00B84696 /* ContentCover.swift */; };
		DE3F12FD264AC58400E00BFD /* TestsiOS.swift in Sources */ = {isa = PBXBuildFile; fileRef = DE3F12FC264AC58400E00BFD /* TestsiOS.swift */; };
		DE3F1308264AC58400E00BFD /* TestsMacOS.swift in Sources */ = {isa = PBXBuildFile; fileRef = DE3F1307264AC58400E00BFD /* TestsMacOS.swift */; };
		DE3F130A264AC58400E00BFD /* multi_challenge.xcdatamodeld in Sources */ = {isa = PBXBuildFile; fileRef = DE3F12DE264AC58300E00BFD /* multi_challenge.xcdatamodeld */; };
		DE3F130B264AC58400E00BFD /* multi_challenge.xcdatamodeld in Sources */ = {isa = PBXBuildFile; fileRef = DE3F12DE264AC58300E00BFD /* multi_challenge.xcdatamodeld */; };
		DE3F130C264AC58400E00BFD /* MultiChallengeApp.swift in Sources */ = {isa = PBXBuildFile; fileRef = DE3F12E0264AC58300E00BFD /* MultiChallengeApp.swift */; };
		DE3F130D264AC58400E00BFD /* MultiChallengeApp.swift in Sources */ = {isa = PBXBuildFile; fileRef = DE3F12E0264AC58300E00BFD /* MultiChallengeApp.swift */; };
		DE3F130E264AC58400E00BFD /* ContentView.swift in Sources */ = {isa = PBXBuildFile; fileRef = DE3F12E1264AC58300E00BFD /* ContentView.swift */; };
		DE3F130F264AC58400E00BFD /* ContentView.swift in Sources */ = {isa = PBXBuildFile; fileRef = DE3F12E1264AC58300E00BFD /* ContentView.swift */; };
		DE3F1310264AC58400E00BFD /* Persistence.swift in Sources */ = {isa = PBXBuildFile; fileRef = DE3F12E2264AC58300E00BFD /* Persistence.swift */; };
		DE3F1311264AC58400E00BFD /* Persistence.swift in Sources */ = {isa = PBXBuildFile; fileRef = DE3F12E2264AC58300E00BFD /* Persistence.swift */; };
		DE3F1312264AC58400E00BFD /* Assets.xcassets in Resources */ = {isa = PBXBuildFile; fileRef = DE3F12E3264AC58400E00BFD /* Assets.xcassets */; };
		DE3F1313264AC58400E00BFD /* Assets.xcassets in Resources */ = {isa = PBXBuildFile; fileRef = DE3F12E3264AC58400E00BFD /* Assets.xcassets */; };
		DE3F1329264ACC9600E00BFD /* .swiftlint.yml in Resources */ = {isa = PBXBuildFile; fileRef = DE3F1328264ACC9600E00BFD /* .swiftlint.yml */; };
		DE3F132A264ACC9600E00BFD /* .swiftlint.yml in Resources */ = {isa = PBXBuildFile; fileRef = DE3F1328264ACC9600E00BFD /* .swiftlint.yml */; };
		DE68B368264D735C0094AD94 /* UserRoundedImage.swift in Sources */ = {isa = PBXBuildFile; fileRef = DE68B367264D735C0094AD94 /* UserRoundedImage.swift */; };
		DE68B369264D735C0094AD94 /* UserRoundedImage.swift in Sources */ = {isa = PBXBuildFile; fileRef = DE68B367264D735C0094AD94 /* UserRoundedImage.swift */; };
		DE78CCC3264C122F00EF5639 /* Color+AppColors.swift in Sources */ = {isa = PBXBuildFile; fileRef = DE78CCC2264C122F00EF5639 /* Color+AppColors.swift */; };
		DE78CCC4264C122F00EF5639 /* Color+AppColors.swift in Sources */ = {isa = PBXBuildFile; fileRef = DE78CCC2264C122F00EF5639 /* Color+AppColors.swift */; };
/* End PBXBuildFile section */

/* Begin PBXContainerItemProxy section */
		DE3F12F9264AC58400E00BFD /* PBXContainerItemProxy */ = {
			isa = PBXContainerItemProxy;
			containerPortal = DE3F12D9264AC58300E00BFD /* Project object */;
			proxyType = 1;
			remoteGlobalIDString = DE3F12E7264AC58400E00BFD;
			remoteInfo = "multi-challenge (iOS)";
		};
		DE3F1304264AC58400E00BFD /* PBXContainerItemProxy */ = {
			isa = PBXContainerItemProxy;
			containerPortal = DE3F12D9264AC58300E00BFD /* Project object */;
			proxyType = 1;
			remoteGlobalIDString = DE3F12EF264AC58400E00BFD;
			remoteInfo = "multi-challenge (macOS)";
		};
/* End PBXContainerItemProxy section */

/* Begin PBXFileReference section */
		2E9ADFD9264D54CE00078CF1 /* FooterInvitationGroup.swift */ = {isa = PBXFileReference; lastKnownFileType = sourcecode.swift; path = FooterInvitationGroup.swift; sourceTree = "<group>"; };
		AFC04235264C0D2B00B84696 /* ContentCover.swift */ = {isa = PBXFileReference; lastKnownFileType = sourcecode.swift; path = ContentCover.swift; sourceTree = "<group>"; };
		DE3F12DF264AC58300E00BFD /* Shared.xcdatamodel */ = {isa = PBXFileReference; lastKnownFileType = wrapper.xcdatamodel; path = Shared.xcdatamodel; sourceTree = "<group>"; };
		DE3F12E0264AC58300E00BFD /* MultiChallengeApp.swift */ = {isa = PBXFileReference; lastKnownFileType = sourcecode.swift; path = MultiChallengeApp.swift; sourceTree = "<group>"; };
		DE3F12E1264AC58300E00BFD /* ContentView.swift */ = {isa = PBXFileReference; lastKnownFileType = sourcecode.swift; path = ContentView.swift; sourceTree = "<group>"; };
		DE3F12E2264AC58300E00BFD /* Persistence.swift */ = {isa = PBXFileReference; lastKnownFileType = sourcecode.swift; path = Persistence.swift; sourceTree = "<group>"; };
		DE3F12E3264AC58400E00BFD /* Assets.xcassets */ = {isa = PBXFileReference; lastKnownFileType = folder.assetcatalog; path = Assets.xcassets; sourceTree = "<group>"; };
		DE3F12E8264AC58400E00BFD /* multi-challenge.app */ = {isa = PBXFileReference; explicitFileType = wrapper.application; includeInIndex = 0; path = "multi-challenge.app"; sourceTree = BUILT_PRODUCTS_DIR; };
		DE3F12EB264AC58400E00BFD /* Info.plist */ = {isa = PBXFileReference; lastKnownFileType = text.plist.xml; path = Info.plist; sourceTree = "<group>"; };
		DE3F12F0264AC58400E00BFD /* multi-challenge.app */ = {isa = PBXFileReference; explicitFileType = wrapper.application; includeInIndex = 0; path = "multi-challenge.app"; sourceTree = BUILT_PRODUCTS_DIR; };
		DE3F12F2264AC58400E00BFD /* Info.plist */ = {isa = PBXFileReference; lastKnownFileType = text.plist.xml; path = Info.plist; sourceTree = "<group>"; };
		DE3F12F3264AC58400E00BFD /* macOS.entitlements */ = {isa = PBXFileReference; lastKnownFileType = text.plist.entitlements; path = macOS.entitlements; sourceTree = "<group>"; };
		DE3F12F8264AC58400E00BFD /* Tests iOS.xctest */ = {isa = PBXFileReference; explicitFileType = wrapper.cfbundle; includeInIndex = 0; path = "Tests iOS.xctest"; sourceTree = BUILT_PRODUCTS_DIR; };
		DE3F12FC264AC58400E00BFD /* TestsiOS.swift */ = {isa = PBXFileReference; lastKnownFileType = sourcecode.swift; path = TestsiOS.swift; sourceTree = "<group>"; };
		DE3F12FE264AC58400E00BFD /* Info.plist */ = {isa = PBXFileReference; lastKnownFileType = text.plist.xml; path = Info.plist; sourceTree = "<group>"; };
		DE3F1303264AC58400E00BFD /* Tests macOS.xctest */ = {isa = PBXFileReference; explicitFileType = wrapper.cfbundle; includeInIndex = 0; path = "Tests macOS.xctest"; sourceTree = BUILT_PRODUCTS_DIR; };
		DE3F1307264AC58400E00BFD /* TestsMacOS.swift */ = {isa = PBXFileReference; lastKnownFileType = sourcecode.swift; path = TestsMacOS.swift; sourceTree = "<group>"; };
		DE3F1309264AC58400E00BFD /* Info.plist */ = {isa = PBXFileReference; lastKnownFileType = text.plist.xml; path = Info.plist; sourceTree = "<group>"; };
		DE3F1328264ACC9600E00BFD /* .swiftlint.yml */ = {isa = PBXFileReference; lastKnownFileType = text.yaml; path = .swiftlint.yml; sourceTree = "<group>"; };
		DE68B367264D735C0094AD94 /* UserRoundedImage.swift */ = {isa = PBXFileReference; lastKnownFileType = sourcecode.swift; path = UserRoundedImage.swift; sourceTree = "<group>"; };
		DE78CCC2264C122F00EF5639 /* Color+AppColors.swift */ = {isa = PBXFileReference; lastKnownFileType = sourcecode.swift; path = "Color+AppColors.swift"; sourceTree = "<group>"; };
/* End PBXFileReference section */

/* Begin PBXFrameworksBuildPhase section */
		DE3F12E5264AC58400E00BFD /* Frameworks */ = {
			isa = PBXFrameworksBuildPhase;
			buildActionMask = 2147483647;
			files = (
			);
			runOnlyForDeploymentPostprocessing = 0;
		};
		DE3F12ED264AC58400E00BFD /* Frameworks */ = {
			isa = PBXFrameworksBuildPhase;
			buildActionMask = 2147483647;
			files = (
			);
			runOnlyForDeploymentPostprocessing = 0;
		};
		DE3F12F5264AC58400E00BFD /* Frameworks */ = {
			isa = PBXFrameworksBuildPhase;
			buildActionMask = 2147483647;
			files = (
			);
			runOnlyForDeploymentPostprocessing = 0;
		};
		DE3F1300264AC58400E00BFD /* Frameworks */ = {
			isa = PBXFrameworksBuildPhase;
			buildActionMask = 2147483647;
			files = (
			);
			runOnlyForDeploymentPostprocessing = 0;
		};
/* End PBXFrameworksBuildPhase section */

/* Begin PBXGroup section */
		AFC04234264C0D0400B84696 /* Components */ = {
			isa = PBXGroup;
			children = (
				AFC04235264C0D2B00B84696 /* ContentCover.swift */,
				2E9ADFD9264D54CE00078CF1 /* FooterInvitationGroup.swift */,
				DE68B367264D735C0094AD94 /* UserRoundedImage.swift */,
			);
			path = Components;
			sourceTree = "<group>";
		};
		DE3F12D8264AC58300E00BFD = {
			isa = PBXGroup;
			children = (
				DE3F12DD264AC58300E00BFD /* Shared */,
				DE3F12EA264AC58400E00BFD /* iOS */,
				DE3F12F1264AC58400E00BFD /* macOS */,
				DE3F12FB264AC58400E00BFD /* Tests iOS */,
				DE3F1306264AC58400E00BFD /* Tests macOS */,
				DE3F12E9264AC58400E00BFD /* Products */,
			);
			sourceTree = "<group>";
		};
		DE3F12DD264AC58300E00BFD /* Shared */ = {
			isa = PBXGroup;
			children = (
				DE3F1328264ACC9600E00BFD /* .swiftlint.yml */,
				DE78CCBD264C100400EF5639 /* Extension */,
				AFC04234264C0D0400B84696 /* Components */,
				DE3F12E0264AC58300E00BFD /* MultiChallengeApp.swift */,
				DE3F12E1264AC58300E00BFD /* ContentView.swift */,
				DE3F12E2264AC58300E00BFD /* Persistence.swift */,
				DE3F12E3264AC58400E00BFD /* Assets.xcassets */,
				DE3F12DE264AC58300E00BFD /* multi_challenge.xcdatamodeld */,
			);
			path = Shared;
			sourceTree = "<group>";
		};
		DE3F12E9264AC58400E00BFD /* Products */ = {
			isa = PBXGroup;
			children = (
				DE3F12E8264AC58400E00BFD /* multi-challenge.app */,
				DE3F12F0264AC58400E00BFD /* multi-challenge.app */,
				DE3F12F8264AC58400E00BFD /* Tests iOS.xctest */,
				DE3F1303264AC58400E00BFD /* Tests macOS.xctest */,
			);
			name = Products;
			sourceTree = "<group>";
		};
		DE3F12EA264AC58400E00BFD /* iOS */ = {
			isa = PBXGroup;
			children = (
				DE3F12EB264AC58400E00BFD /* Info.plist */,
			);
			path = iOS;
			sourceTree = "<group>";
		};
		DE3F12F1264AC58400E00BFD /* macOS */ = {
			isa = PBXGroup;
			children = (
				DE3F12F2264AC58400E00BFD /* Info.plist */,
				DE3F12F3264AC58400E00BFD /* macOS.entitlements */,
			);
			path = macOS;
			sourceTree = "<group>";
		};
		DE3F12FB264AC58400E00BFD /* Tests iOS */ = {
			isa = PBXGroup;
			children = (
				DE3F12FC264AC58400E00BFD /* TestsiOS.swift */,
				DE3F12FE264AC58400E00BFD /* Info.plist */,
			);
			path = "Tests iOS";
			sourceTree = "<group>";
		};
		DE3F1306264AC58400E00BFD /* Tests macOS */ = {
			isa = PBXGroup;
			children = (
				DE3F1307264AC58400E00BFD /* TestsMacOS.swift */,
				DE3F1309264AC58400E00BFD /* Info.plist */,
			);
			path = "Tests macOS";
			sourceTree = "<group>";
		};
		DE78CCBD264C100400EF5639 /* Extension */ = {
			isa = PBXGroup;
			children = (
				DE78CCC2264C122F00EF5639 /* Color+AppColors.swift */,
			);
			path = Extension;
			sourceTree = "<group>";
		};
/* End PBXGroup section */

/* Begin PBXNativeTarget section */
		DE3F12E7264AC58400E00BFD /* multi-challenge (iOS) */ = {
			isa = PBXNativeTarget;
			buildConfigurationList = DE3F1316264AC58400E00BFD /* Build configuration list for PBXNativeTarget "multi-challenge (iOS)" */;
			buildPhases = (
				DE3F12E4264AC58400E00BFD /* Sources */,
				DE3F12E5264AC58400E00BFD /* Frameworks */,
				DE3F12E6264AC58400E00BFD /* Resources */,
				DE3F1326264ACC2B00E00BFD /* ShellScript */,
			);
			buildRules = (
			);
			dependencies = (
			);
			name = "multi-challenge (iOS)";
			productName = "multi-challenge (iOS)";
			productReference = DE3F12E8264AC58400E00BFD /* multi-challenge.app */;
			productType = "com.apple.product-type.application";
		};
		DE3F12EF264AC58400E00BFD /* multi-challenge (macOS) */ = {
			isa = PBXNativeTarget;
			buildConfigurationList = DE3F1319264AC58400E00BFD /* Build configuration list for PBXNativeTarget "multi-challenge (macOS)" */;
			buildPhases = (
				DE3F12EC264AC58400E00BFD /* Sources */,
				DE3F12ED264AC58400E00BFD /* Frameworks */,
				DE3F12EE264AC58400E00BFD /* Resources */,
				DE3F1327264ACC4400E00BFD /* ShellScript */,
			);
			buildRules = (
			);
			dependencies = (
			);
			name = "multi-challenge (macOS)";
			productName = "multi-challenge (macOS)";
			productReference = DE3F12F0264AC58400E00BFD /* multi-challenge.app */;
			productType = "com.apple.product-type.application";
		};
		DE3F12F7264AC58400E00BFD /* Tests iOS */ = {
			isa = PBXNativeTarget;
			buildConfigurationList = DE3F131C264AC58400E00BFD /* Build configuration list for PBXNativeTarget "Tests iOS" */;
			buildPhases = (
				DE3F12F4264AC58400E00BFD /* Sources */,
				DE3F12F5264AC58400E00BFD /* Frameworks */,
				DE3F12F6264AC58400E00BFD /* Resources */,
			);
			buildRules = (
			);
			dependencies = (
				DE3F12FA264AC58400E00BFD /* PBXTargetDependency */,
			);
			name = "Tests iOS";
			productName = "Tests iOS";
			productReference = DE3F12F8264AC58400E00BFD /* Tests iOS.xctest */;
			productType = "com.apple.product-type.bundle.ui-testing";
		};
		DE3F1302264AC58400E00BFD /* Tests macOS */ = {
			isa = PBXNativeTarget;
			buildConfigurationList = DE3F131F264AC58400E00BFD /* Build configuration list for PBXNativeTarget "Tests macOS" */;
			buildPhases = (
				DE3F12FF264AC58400E00BFD /* Sources */,
				DE3F1300264AC58400E00BFD /* Frameworks */,
				DE3F1301264AC58400E00BFD /* Resources */,
			);
			buildRules = (
			);
			dependencies = (
				DE3F1305264AC58400E00BFD /* PBXTargetDependency */,
			);
			name = "Tests macOS";
			productName = "Tests macOS";
			productReference = DE3F1303264AC58400E00BFD /* Tests macOS.xctest */;
			productType = "com.apple.product-type.bundle.ui-testing";
		};
/* End PBXNativeTarget section */

/* Begin PBXProject section */
		DE3F12D9264AC58300E00BFD /* Project object */ = {
			isa = PBXProject;
			attributes = {
				LastSwiftUpdateCheck = 1240;
				LastUpgradeCheck = 1250;
				TargetAttributes = {
					DE3F12E7264AC58400E00BFD = {
						CreatedOnToolsVersion = 12.4;
					};
					DE3F12EF264AC58400E00BFD = {
						CreatedOnToolsVersion = 12.4;
					};
					DE3F12F7264AC58400E00BFD = {
						CreatedOnToolsVersion = 12.4;
						TestTargetID = DE3F12E7264AC58400E00BFD;
					};
					DE3F1302264AC58400E00BFD = {
						CreatedOnToolsVersion = 12.4;
						TestTargetID = DE3F12EF264AC58400E00BFD;
					};
				};
			};
			buildConfigurationList = DE3F12DC264AC58300E00BFD /* Build configuration list for PBXProject "multi-challenge" */;
			compatibilityVersion = "Xcode 9.3";
			developmentRegion = en;
			hasScannedForEncodings = 0;
			knownRegions = (
				en,
				Base,
			);
			mainGroup = DE3F12D8264AC58300E00BFD;
			productRefGroup = DE3F12E9264AC58400E00BFD /* Products */;
			projectDirPath = "";
			projectRoot = "";
			targets = (
				DE3F12E7264AC58400E00BFD /* multi-challenge (iOS) */,
				DE3F12EF264AC58400E00BFD /* multi-challenge (macOS) */,
				DE3F12F7264AC58400E00BFD /* Tests iOS */,
				DE3F1302264AC58400E00BFD /* Tests macOS */,
			);
		};
/* End PBXProject section */

/* Begin PBXResourcesBuildPhase section */
		DE3F12E6264AC58400E00BFD /* Resources */ = {
			isa = PBXResourcesBuildPhase;
			buildActionMask = 2147483647;
			files = (
				DE3F1329264ACC9600E00BFD /* .swiftlint.yml in Resources */,
				DE3F1312264AC58400E00BFD /* Assets.xcassets in Resources */,
			);
			runOnlyForDeploymentPostprocessing = 0;
		};
		DE3F12EE264AC58400E00BFD /* Resources */ = {
			isa = PBXResourcesBuildPhase;
			buildActionMask = 2147483647;
			files = (
				DE3F132A264ACC9600E00BFD /* .swiftlint.yml in Resources */,
				DE3F1313264AC58400E00BFD /* Assets.xcassets in Resources */,
			);
			runOnlyForDeploymentPostprocessing = 0;
		};
		DE3F12F6264AC58400E00BFD /* Resources */ = {
			isa = PBXResourcesBuildPhase;
			buildActionMask = 2147483647;
			files = (
			);
			runOnlyForDeploymentPostprocessing = 0;
		};
		DE3F1301264AC58400E00BFD /* Resources */ = {
			isa = PBXResourcesBuildPhase;
			buildActionMask = 2147483647;
			files = (
			);
			runOnlyForDeploymentPostprocessing = 0;
		};
/* End PBXResourcesBuildPhase section */

/* Begin PBXShellScriptBuildPhase section */
		DE3F1326264ACC2B00E00BFD /* ShellScript */ = {
			isa = PBXShellScriptBuildPhase;
			buildActionMask = 2147483647;
			files = (
			);
			inputFileListPaths = (
			);
			inputPaths = (
			);
			outputFileListPaths = (
			);
			outputPaths = (
			);
			runOnlyForDeploymentPostprocessing = 0;
			shellPath = /bin/sh;
			shellScript = "if which swiftlint >/dev/null; then\n  swiftlint\nelse\n  echo \"warning: SwiftLint not installed, download from https://github.com/realm/SwiftLint\"\nfi\n";
		};
		DE3F1327264ACC4400E00BFD /* ShellScript */ = {
			isa = PBXShellScriptBuildPhase;
			buildActionMask = 2147483647;
			files = (
			);
			inputFileListPaths = (
			);
			inputPaths = (
			);
			outputFileListPaths = (
			);
			outputPaths = (
			);
			runOnlyForDeploymentPostprocessing = 0;
			shellPath = /bin/sh;
			shellScript = "if which swiftlint >/dev/null; then\n  swiftlint\nelse\n  echo \"warning: SwiftLint not installed, download from https://github.com/realm/SwiftLint\"\nfi\n";
		};
/* End PBXShellScriptBuildPhase section */

/* Begin PBXSourcesBuildPhase section */
		DE3F12E4264AC58400E00BFD /* Sources */ = {
			isa = PBXSourcesBuildPhase;
			buildActionMask = 2147483647;
			files = (
				AFC04236264C0D2B00B84696 /* ContentCover.swift in Sources */,
				DE78CCC3264C122F00EF5639 /* Color+AppColors.swift in Sources */,
				DE3F130A264AC58400E00BFD /* multi_challenge.xcdatamodeld in Sources */,
				DE3F1310264AC58400E00BFD /* Persistence.swift in Sources */,
				DE68B368264D735C0094AD94 /* UserRoundedImage.swift in Sources */,
				DE3F130C264AC58400E00BFD /* MultiChallengeApp.swift in Sources */,
				DE3F130E264AC58400E00BFD /* ContentView.swift in Sources */,
				2E9ADFDA264D54CE00078CF1 /* FooterInvitationGroup.swift in Sources */,
			);
			runOnlyForDeploymentPostprocessing = 0;
		};
		DE3F12EC264AC58400E00BFD /* Sources */ = {
			isa = PBXSourcesBuildPhase;
			buildActionMask = 2147483647;
			files = (
				DE3F130B264AC58400E00BFD /* multi_challenge.xcdatamodeld in Sources */,
				DE3F1311264AC58400E00BFD /* Persistence.swift in Sources */,
				DE68B369264D735C0094AD94 /* UserRoundedImage.swift in Sources */,
				DE3F130D264AC58400E00BFD /* MultiChallengeApp.swift in Sources */,
				DE3F130F264AC58400E00BFD /* ContentView.swift in Sources */,
				DE78CCC4264C122F00EF5639 /* Color+AppColors.swift in Sources */,
			);
			runOnlyForDeploymentPostprocessing = 0;
		};
		DE3F12F4264AC58400E00BFD /* Sources */ = {
			isa = PBXSourcesBuildPhase;
			buildActionMask = 2147483647;
			files = (
				DE3F12FD264AC58400E00BFD /* TestsiOS.swift in Sources */,
			);
			runOnlyForDeploymentPostprocessing = 0;
		};
		DE3F12FF264AC58400E00BFD /* Sources */ = {
			isa = PBXSourcesBuildPhase;
			buildActionMask = 2147483647;
			files = (
				DE3F1308264AC58400E00BFD /* TestsMacOS.swift in Sources */,
			);
			runOnlyForDeploymentPostprocessing = 0;
		};
/* End PBXSourcesBuildPhase section */

/* Begin PBXTargetDependency section */
		DE3F12FA264AC58400E00BFD /* PBXTargetDependency */ = {
			isa = PBXTargetDependency;
			target = DE3F12E7264AC58400E00BFD /* multi-challenge (iOS) */;
			targetProxy = DE3F12F9264AC58400E00BFD /* PBXContainerItemProxy */;
		};
		DE3F1305264AC58400E00BFD /* PBXTargetDependency */ = {
			isa = PBXTargetDependency;
			target = DE3F12EF264AC58400E00BFD /* multi-challenge (macOS) */;
			targetProxy = DE3F1304264AC58400E00BFD /* PBXContainerItemProxy */;
		};
/* End PBXTargetDependency section */

/* Begin XCBuildConfiguration section */
		DE3F1314264AC58400E00BFD /* Debug */ = {
			isa = XCBuildConfiguration;
			buildSettings = {
				ALWAYS_SEARCH_USER_PATHS = NO;
				CLANG_ANALYZER_NONNULL = YES;
				CLANG_ANALYZER_NUMBER_OBJECT_CONVERSION = YES_AGGRESSIVE;
				CLANG_CXX_LANGUAGE_STANDARD = "gnu++14";
				CLANG_CXX_LIBRARY = "libc++";
				CLANG_ENABLE_MODULES = YES;
				CLANG_ENABLE_OBJC_ARC = YES;
				CLANG_ENABLE_OBJC_WEAK = YES;
				CLANG_WARN_BLOCK_CAPTURE_AUTORELEASING = YES;
				CLANG_WARN_BOOL_CONVERSION = YES;
				CLANG_WARN_COMMA = YES;
				CLANG_WARN_CONSTANT_CONVERSION = YES;
				CLANG_WARN_DEPRECATED_OBJC_IMPLEMENTATIONS = YES;
				CLANG_WARN_DIRECT_OBJC_ISA_USAGE = YES_ERROR;
				CLANG_WARN_DOCUMENTATION_COMMENTS = YES;
				CLANG_WARN_EMPTY_BODY = YES;
				CLANG_WARN_ENUM_CONVERSION = YES;
				CLANG_WARN_INFINITE_RECURSION = YES;
				CLANG_WARN_INT_CONVERSION = YES;
				CLANG_WARN_NON_LITERAL_NULL_CONVERSION = YES;
				CLANG_WARN_OBJC_IMPLICIT_RETAIN_SELF = YES;
				CLANG_WARN_OBJC_LITERAL_CONVERSION = YES;
				CLANG_WARN_OBJC_ROOT_CLASS = YES_ERROR;
				CLANG_WARN_QUOTED_INCLUDE_IN_FRAMEWORK_HEADER = YES;
				CLANG_WARN_RANGE_LOOP_ANALYSIS = YES;
				CLANG_WARN_STRICT_PROTOTYPES = YES;
				CLANG_WARN_SUSPICIOUS_MOVE = YES;
				CLANG_WARN_UNGUARDED_AVAILABILITY = YES_AGGRESSIVE;
				CLANG_WARN_UNREACHABLE_CODE = YES;
				CLANG_WARN__DUPLICATE_METHOD_MATCH = YES;
				COPY_PHASE_STRIP = NO;
				DEBUG_INFORMATION_FORMAT = dwarf;
				ENABLE_STRICT_OBJC_MSGSEND = YES;
				ENABLE_TESTABILITY = YES;
				GCC_C_LANGUAGE_STANDARD = gnu11;
				GCC_DYNAMIC_NO_PIC = NO;
				GCC_NO_COMMON_BLOCKS = YES;
				GCC_OPTIMIZATION_LEVEL = 0;
				GCC_PREPROCESSOR_DEFINITIONS = (
					"DEBUG=1",
					"$(inherited)",
				);
				GCC_WARN_64_TO_32_BIT_CONVERSION = YES;
				GCC_WARN_ABOUT_RETURN_TYPE = YES_ERROR;
				GCC_WARN_UNDECLARED_SELECTOR = YES;
				GCC_WARN_UNINITIALIZED_AUTOS = YES_AGGRESSIVE;
				GCC_WARN_UNUSED_FUNCTION = YES;
				GCC_WARN_UNUSED_VARIABLE = YES;
				MTL_ENABLE_DEBUG_INFO = INCLUDE_SOURCE;
				MTL_FAST_MATH = YES;
				ONLY_ACTIVE_ARCH = YES;
				SWIFT_ACTIVE_COMPILATION_CONDITIONS = DEBUG;
				SWIFT_OPTIMIZATION_LEVEL = "-Onone";
			};
			name = Debug;
		};
		DE3F1315264AC58400E00BFD /* Release */ = {
			isa = XCBuildConfiguration;
			buildSettings = {
				ALWAYS_SEARCH_USER_PATHS = NO;
				CLANG_ANALYZER_NONNULL = YES;
				CLANG_ANALYZER_NUMBER_OBJECT_CONVERSION = YES_AGGRESSIVE;
				CLANG_CXX_LANGUAGE_STANDARD = "gnu++14";
				CLANG_CXX_LIBRARY = "libc++";
				CLANG_ENABLE_MODULES = YES;
				CLANG_ENABLE_OBJC_ARC = YES;
				CLANG_ENABLE_OBJC_WEAK = YES;
				CLANG_WARN_BLOCK_CAPTURE_AUTORELEASING = YES;
				CLANG_WARN_BOOL_CONVERSION = YES;
				CLANG_WARN_COMMA = YES;
				CLANG_WARN_CONSTANT_CONVERSION = YES;
				CLANG_WARN_DEPRECATED_OBJC_IMPLEMENTATIONS = YES;
				CLANG_WARN_DIRECT_OBJC_ISA_USAGE = YES_ERROR;
				CLANG_WARN_DOCUMENTATION_COMMENTS = YES;
				CLANG_WARN_EMPTY_BODY = YES;
				CLANG_WARN_ENUM_CONVERSION = YES;
				CLANG_WARN_INFINITE_RECURSION = YES;
				CLANG_WARN_INT_CONVERSION = YES;
				CLANG_WARN_NON_LITERAL_NULL_CONVERSION = YES;
				CLANG_WARN_OBJC_IMPLICIT_RETAIN_SELF = YES;
				CLANG_WARN_OBJC_LITERAL_CONVERSION = YES;
				CLANG_WARN_OBJC_ROOT_CLASS = YES_ERROR;
				CLANG_WARN_QUOTED_INCLUDE_IN_FRAMEWORK_HEADER = YES;
				CLANG_WARN_RANGE_LOOP_ANALYSIS = YES;
				CLANG_WARN_STRICT_PROTOTYPES = YES;
				CLANG_WARN_SUSPICIOUS_MOVE = YES;
				CLANG_WARN_UNGUARDED_AVAILABILITY = YES_AGGRESSIVE;
				CLANG_WARN_UNREACHABLE_CODE = YES;
				CLANG_WARN__DUPLICATE_METHOD_MATCH = YES;
				COPY_PHASE_STRIP = NO;
				DEBUG_INFORMATION_FORMAT = "dwarf-with-dsym";
				ENABLE_NS_ASSERTIONS = NO;
				ENABLE_STRICT_OBJC_MSGSEND = YES;
				GCC_C_LANGUAGE_STANDARD = gnu11;
				GCC_NO_COMMON_BLOCKS = YES;
				GCC_WARN_64_TO_32_BIT_CONVERSION = YES;
				GCC_WARN_ABOUT_RETURN_TYPE = YES_ERROR;
				GCC_WARN_UNDECLARED_SELECTOR = YES;
				GCC_WARN_UNINITIALIZED_AUTOS = YES_AGGRESSIVE;
				GCC_WARN_UNUSED_FUNCTION = YES;
				GCC_WARN_UNUSED_VARIABLE = YES;
				MTL_ENABLE_DEBUG_INFO = NO;
				MTL_FAST_MATH = YES;
				SWIFT_COMPILATION_MODE = wholemodule;
				SWIFT_OPTIMIZATION_LEVEL = "-O";
			};
			name = Release;
		};
		DE3F1317264AC58400E00BFD /* Debug */ = {
			isa = XCBuildConfiguration;
			buildSettings = {
				ASSETCATALOG_COMPILER_APPICON_NAME = AppIcon;
				ASSETCATALOG_COMPILER_GLOBAL_ACCENT_COLOR_NAME = AccentColor;
				CODE_SIGN_STYLE = Automatic;
				DEVELOPMENT_TEAM = VV557L4WY2;
				ENABLE_PREVIEWS = YES;
				INFOPLIST_FILE = iOS/Info.plist;
				IPHONEOS_DEPLOYMENT_TARGET = 14.0;
				LD_RUNPATH_SEARCH_PATHS = (
					"$(inherited)",
					"@executable_path/Frameworks",
				);
				PRODUCT_BUNDLE_IDENTIFIER = "com.ferreira.multi-challenge";
				PRODUCT_NAME = "multi-challenge";
				SDKROOT = iphoneos;
				SWIFT_VERSION = 5.0;
				TARGETED_DEVICE_FAMILY = "1,2";
			};
			name = Debug;
		};
		DE3F1318264AC58400E00BFD /* Release */ = {
			isa = XCBuildConfiguration;
			buildSettings = {
				ASSETCATALOG_COMPILER_APPICON_NAME = AppIcon;
				ASSETCATALOG_COMPILER_GLOBAL_ACCENT_COLOR_NAME = AccentColor;
				CODE_SIGN_STYLE = Automatic;
				DEVELOPMENT_TEAM = VV557L4WY2;
				ENABLE_PREVIEWS = YES;
				INFOPLIST_FILE = iOS/Info.plist;
				IPHONEOS_DEPLOYMENT_TARGET = 14.0;
				LD_RUNPATH_SEARCH_PATHS = (
					"$(inherited)",
					"@executable_path/Frameworks",
				);
				PRODUCT_BUNDLE_IDENTIFIER = "com.ferreira.multi-challenge";
				PRODUCT_NAME = "multi-challenge";
				SDKROOT = iphoneos;
				SWIFT_VERSION = 5.0;
				TARGETED_DEVICE_FAMILY = "1,2";
				VALIDATE_PRODUCT = YES;
			};
			name = Release;
		};
		DE3F131A264AC58400E00BFD /* Debug */ = {
			isa = XCBuildConfiguration;
			buildSettings = {
				ASSETCATALOG_COMPILER_APPICON_NAME = AppIcon;
				ASSETCATALOG_COMPILER_GLOBAL_ACCENT_COLOR_NAME = AccentColor;
				CODE_SIGN_ENTITLEMENTS = macOS/macOS.entitlements;
				CODE_SIGN_IDENTITY = "-";
				CODE_SIGN_STYLE = Automatic;
				COMBINE_HIDPI_IMAGES = YES;
				DEVELOPMENT_TEAM = VV557L4WY2;
				ENABLE_HARDENED_RUNTIME = YES;
				ENABLE_PREVIEWS = YES;
				INFOPLIST_FILE = macOS/Info.plist;
				LD_RUNPATH_SEARCH_PATHS = (
					"$(inherited)",
					"@executable_path/../Frameworks",
				);
				MACOSX_DEPLOYMENT_TARGET = 11.0;
				PRODUCT_BUNDLE_IDENTIFIER = "com.ferreira.multi-challenge";
				PRODUCT_NAME = "multi-challenge";
				SDKROOT = macosx;
				SWIFT_VERSION = 5.0;
			};
			name = Debug;
		};
		DE3F131B264AC58400E00BFD /* Release */ = {
			isa = XCBuildConfiguration;
			buildSettings = {
				ASSETCATALOG_COMPILER_APPICON_NAME = AppIcon;
				ASSETCATALOG_COMPILER_GLOBAL_ACCENT_COLOR_NAME = AccentColor;
				CODE_SIGN_ENTITLEMENTS = macOS/macOS.entitlements;
				CODE_SIGN_IDENTITY = "-";
				CODE_SIGN_STYLE = Automatic;
				COMBINE_HIDPI_IMAGES = YES;
				DEVELOPMENT_TEAM = VV557L4WY2;
				ENABLE_HARDENED_RUNTIME = YES;
				ENABLE_PREVIEWS = YES;
				INFOPLIST_FILE = macOS/Info.plist;
				LD_RUNPATH_SEARCH_PATHS = (
					"$(inherited)",
					"@executable_path/../Frameworks",
				);
				MACOSX_DEPLOYMENT_TARGET = 11.0;
				PRODUCT_BUNDLE_IDENTIFIER = "com.ferreira.multi-challenge";
				PRODUCT_NAME = "multi-challenge";
				SDKROOT = macosx;
				SWIFT_VERSION = 5.0;
			};
			name = Release;
		};
		DE3F131D264AC58400E00BFD /* Debug */ = {
			isa = XCBuildConfiguration;
			buildSettings = {
				ALWAYS_EMBED_SWIFT_STANDARD_LIBRARIES = YES;
				CODE_SIGN_STYLE = Automatic;
				DEVELOPMENT_TEAM = VV557L4WY2;
				INFOPLIST_FILE = "Tests iOS/Info.plist";
				IPHONEOS_DEPLOYMENT_TARGET = 14.4;
				LD_RUNPATH_SEARCH_PATHS = (
					"$(inherited)",
					"@executable_path/Frameworks",
					"@loader_path/Frameworks",
				);
				PRODUCT_BUNDLE_IDENTIFIER = "com.ferreira.Tests-iOS";
				PRODUCT_NAME = "$(TARGET_NAME)";
				SDKROOT = iphoneos;
				SWIFT_VERSION = 5.0;
				TARGETED_DEVICE_FAMILY = "1,2";
				TEST_TARGET_NAME = "multi-challenge (iOS)";
			};
			name = Debug;
		};
		DE3F131E264AC58400E00BFD /* Release */ = {
			isa = XCBuildConfiguration;
			buildSettings = {
				ALWAYS_EMBED_SWIFT_STANDARD_LIBRARIES = YES;
				CODE_SIGN_STYLE = Automatic;
				DEVELOPMENT_TEAM = VV557L4WY2;
				INFOPLIST_FILE = "Tests iOS/Info.plist";
				IPHONEOS_DEPLOYMENT_TARGET = 14.4;
				LD_RUNPATH_SEARCH_PATHS = (
					"$(inherited)",
					"@executable_path/Frameworks",
					"@loader_path/Frameworks",
				);
				PRODUCT_BUNDLE_IDENTIFIER = "com.ferreira.Tests-iOS";
				PRODUCT_NAME = "$(TARGET_NAME)";
				SDKROOT = iphoneos;
				SWIFT_VERSION = 5.0;
				TARGETED_DEVICE_FAMILY = "1,2";
				TEST_TARGET_NAME = "multi-challenge (iOS)";
				VALIDATE_PRODUCT = YES;
			};
			name = Release;
		};
		DE3F1320264AC58400E00BFD /* Debug */ = {
			isa = XCBuildConfiguration;
			buildSettings = {
				ALWAYS_EMBED_SWIFT_STANDARD_LIBRARIES = YES;
				CODE_SIGN_STYLE = Automatic;
				COMBINE_HIDPI_IMAGES = YES;
				DEVELOPMENT_TEAM = VV557L4WY2;
				INFOPLIST_FILE = "Tests macOS/Info.plist";
				LD_RUNPATH_SEARCH_PATHS = (
					"$(inherited)",
					"@executable_path/../Frameworks",
					"@loader_path/../Frameworks",
				);
				MACOSX_DEPLOYMENT_TARGET = 11.1;
				PRODUCT_BUNDLE_IDENTIFIER = "com.ferreira.Tests-macOS";
				PRODUCT_NAME = "$(TARGET_NAME)";
				SDKROOT = macosx;
				SWIFT_VERSION = 5.0;
				TEST_TARGET_NAME = "multi-challenge (macOS)";
			};
			name = Debug;
		};
		DE3F1321264AC58400E00BFD /* Release */ = {
			isa = XCBuildConfiguration;
			buildSettings = {
				ALWAYS_EMBED_SWIFT_STANDARD_LIBRARIES = YES;
				CODE_SIGN_STYLE = Automatic;
				COMBINE_HIDPI_IMAGES = YES;
				DEVELOPMENT_TEAM = VV557L4WY2;
				INFOPLIST_FILE = "Tests macOS/Info.plist";
				LD_RUNPATH_SEARCH_PATHS = (
					"$(inherited)",
					"@executable_path/../Frameworks",
					"@loader_path/../Frameworks",
				);
				MACOSX_DEPLOYMENT_TARGET = 11.1;
				PRODUCT_BUNDLE_IDENTIFIER = "com.ferreira.Tests-macOS";
				PRODUCT_NAME = "$(TARGET_NAME)";
				SDKROOT = macosx;
				SWIFT_VERSION = 5.0;
				TEST_TARGET_NAME = "multi-challenge (macOS)";
			};
			name = Release;
		};
/* End XCBuildConfiguration section */

/* Begin XCConfigurationList section */
		DE3F12DC264AC58300E00BFD /* Build configuration list for PBXProject "multi-challenge" */ = {
			isa = XCConfigurationList;
			buildConfigurations = (
				DE3F1314264AC58400E00BFD /* Debug */,
				DE3F1315264AC58400E00BFD /* Release */,
			);
			defaultConfigurationIsVisible = 0;
			defaultConfigurationName = Release;
		};
		DE3F1316264AC58400E00BFD /* Build configuration list for PBXNativeTarget "multi-challenge (iOS)" */ = {
			isa = XCConfigurationList;
			buildConfigurations = (
				DE3F1317264AC58400E00BFD /* Debug */,
				DE3F1318264AC58400E00BFD /* Release */,
			);
			defaultConfigurationIsVisible = 0;
			defaultConfigurationName = Release;
		};
		DE3F1319264AC58400E00BFD /* Build configuration list for PBXNativeTarget "multi-challenge (macOS)" */ = {
			isa = XCConfigurationList;
			buildConfigurations = (
				DE3F131A264AC58400E00BFD /* Debug */,
				DE3F131B264AC58400E00BFD /* Release */,
			);
			defaultConfigurationIsVisible = 0;
			defaultConfigurationName = Release;
		};
		DE3F131C264AC58400E00BFD /* Build configuration list for PBXNativeTarget "Tests iOS" */ = {
			isa = XCConfigurationList;
			buildConfigurations = (
				DE3F131D264AC58400E00BFD /* Debug */,
				DE3F131E264AC58400E00BFD /* Release */,
			);
			defaultConfigurationIsVisible = 0;
			defaultConfigurationName = Release;
		};
		DE3F131F264AC58400E00BFD /* Build configuration list for PBXNativeTarget "Tests macOS" */ = {
			isa = XCConfigurationList;
			buildConfigurations = (
				DE3F1320264AC58400E00BFD /* Debug */,
				DE3F1321264AC58400E00BFD /* Release */,
			);
			defaultConfigurationIsVisible = 0;
			defaultConfigurationName = Release;
		};
/* End XCConfigurationList section */

/* Begin XCVersionGroup section */
		DE3F12DE264AC58300E00BFD /* multi_challenge.xcdatamodeld */ = {
			isa = XCVersionGroup;
			children = (
				DE3F12DF264AC58300E00BFD /* Shared.xcdatamodel */,
			);
			currentVersion = DE3F12DF264AC58300E00BFD /* Shared.xcdatamodel */;
			path = multi_challenge.xcdatamodeld;
			sourceTree = "<group>";
			versionGroupType = wrapper.xcdatamodel;
		};
/* End XCVersionGroup section */
	};
	rootObject = DE3F12D9264AC58300E00BFD /* Project object */;
}
