// !$*UTF8*$!
{
	archiveVersion = 1;
	classes = {
	};
	objectVersion = 52;
	objects = {

/* Begin PBXBuildFile section */
		27004530264D4B4900A5CFBB /* ImagePicker.swift in Sources */ = {isa = PBXBuildFile; fileRef = 2700452F264D4B4900A5CFBB /* ImagePicker.swift */; };
		27004532264D5AB500A5CFBB /* ImageOrColorView.swift in Sources */ = {isa = PBXBuildFile; fileRef = 27004531264D5AB500A5CFBB /* ImageOrColorView.swift */; };
		27004534264D5C3A00A5CFBB /* ColorsList.swift in Sources */ = {isa = PBXBuildFile; fileRef = 27004533264D5C3A00A5CFBB /* ColorsList.swift */; };
		272B375D264C152500D6BDC6 /* AvatarHandler.swift in Sources */ = {isa = PBXBuildFile; fileRef = 272B375C264C152500D6BDC6 /* AvatarHandler.swift */; };
		272B3762264C227400D6BDC6 /* CircleColor.swift in Sources */ = {isa = PBXBuildFile; fileRef = 272B3761264C227400D6BDC6 /* CircleColor.swift */; };
		273DD0112657F00000C39F9C /* HighlightedTextEditor in Frameworks */ = {isa = PBXBuildFile; productRef = 273DD0102657F00000C39F9C /* HighlightedTextEditor */; };
		273DD0142657F02700C39F9C /* HighlightedTextEditor in Frameworks */ = {isa = PBXBuildFile; productRef = 273DD0132657F02700C39F9C /* HighlightedTextEditor */; };
		273DD0162657F29400C39F9C /* SummaryView.swift in Sources */ = {isa = PBXBuildFile; fileRef = 273DD0152657F29400C39F9C /* SummaryView.swift */; };
		273DD0172657F29400C39F9C /* SummaryView.swift in Sources */ = {isa = PBXBuildFile; fileRef = 273DD0152657F29400C39F9C /* SummaryView.swift */; };
		273DD019265BCF8900C39F9C /* ViewSummary.swift in Sources */ = {isa = PBXBuildFile; fileRef = 273DD018265BCF8900C39F9C /* ViewSummary.swift */; };
		273DD01A265BCF8900C39F9C /* ViewSummary.swift in Sources */ = {isa = PBXBuildFile; fileRef = 273DD018265BCF8900C39F9C /* ViewSummary.swift */; };
		273DD01C265BD69900C39F9C /* MaterialView.swift in Sources */ = {isa = PBXBuildFile; fileRef = 273DD01B265BD69900C39F9C /* MaterialView.swift */; };
		273DD01D265BD69900C39F9C /* MaterialView.swift in Sources */ = {isa = PBXBuildFile; fileRef = 273DD01B265BD69900C39F9C /* MaterialView.swift */; };
		273DD01F265BD75300C39F9C /* PDFViewer.swift in Sources */ = {isa = PBXBuildFile; fileRef = 273DD01E265BD75300C39F9C /* PDFViewer.swift */; };
		273DD023265BDA8D00C39F9C /* PDFViewer.swift in Sources */ = {isa = PBXBuildFile; fileRef = 273DD021265BDA8D00C39F9C /* PDFViewer.swift */; };
		2787C7CF2656AB1500DA49AD /* ImageOrColorView.swift in Sources */ = {isa = PBXBuildFile; fileRef = 27004531264D5AB500A5CFBB /* ImageOrColorView.swift */; };
		2787C7D02656AB6100DA49AD /* ColorsList.swift in Sources */ = {isa = PBXBuildFile; fileRef = 27004533264D5C3A00A5CFBB /* ColorsList.swift */; };
		27A79FBD2652B5B00052C8C6 /* BarController.swift in Sources */ = {isa = PBXBuildFile; fileRef = 27A79FBC2652B5B00052C8C6 /* BarController.swift */; };
		27A79FBE2652B5B00052C8C6 /* BarController.swift in Sources */ = {isa = PBXBuildFile; fileRef = 27A79FBC2652B5B00052C8C6 /* BarController.swift */; };
		2E855E202653F26300CBA74E /* GroupList.swift in Sources */ = {isa = PBXBuildFile; fileRef = 2E855E1F2653F26300CBA74E /* GroupList.swift */; };
		2E855E212653F26300CBA74E /* GroupList.swift in Sources */ = {isa = PBXBuildFile; fileRef = 2E855E1F2653F26300CBA74E /* GroupList.swift */; };
		2E855E272653FB3200CBA74E /* SearchBar.swift in Sources */ = {isa = PBXBuildFile; fileRef = 2E855E262653FB3200CBA74E /* SearchBar.swift */; };
		2E855E282653FB3200CBA74E /* SearchBar.swift in Sources */ = {isa = PBXBuildFile; fileRef = 2E855E262653FB3200CBA74E /* SearchBar.swift */; };
		2E855E362655371900CBA74E /* Groups.swift in Sources */ = {isa = PBXBuildFile; fileRef = 2E855E352655371900CBA74E /* Groups.swift */; };
		2E855E3C2655373600CBA74E /* Groups.swift in Sources */ = {isa = PBXBuildFile; fileRef = 2E855E3B2655373600CBA74E /* Groups.swift */; };
		2E855E412655375400CBA74E /* FooterInvitationGroup.swift in Sources */ = {isa = PBXBuildFile; fileRef = 2E9ADFD9264D54CE00078CF1 /* FooterInvitationGroup.swift */; };
		2E855E462655379400CBA74E /* ImagePicker.swift in Sources */ = {isa = PBXBuildFile; fileRef = 2700452F264D4B4900A5CFBB /* ImagePicker.swift */; };
		2E855E4B2655379D00CBA74E /* CircleColor.swift in Sources */ = {isa = PBXBuildFile; fileRef = 272B3761264C227400D6BDC6 /* CircleColor.swift */; };
		2E855E50265537A200CBA74E /* AvatarHandler.swift in Sources */ = {isa = PBXBuildFile; fileRef = 272B375C264C152500D6BDC6 /* AvatarHandler.swift */; };
		2E855E55265537C200CBA74E /* IconNumberInfo.swift in Sources */ = {isa = PBXBuildFile; fileRef = 2E9ADFEC264EB4E200078CF1 /* IconNumberInfo.swift */; };
		2E855E5A265537C600CBA74E /* GroupImageUsersInfo.swift in Sources */ = {isa = PBXBuildFile; fileRef = 2E9ADFF6264EBCF500078CF1 /* GroupImageUsersInfo.swift */; };
		2E855E5F265537C900CBA74E /* CircleUserProfile.swift in Sources */ = {isa = PBXBuildFile; fileRef = 2E9ADFFC264EC5C900078CF1 /* CircleUserProfile.swift */; };
		2E855E6D265558D700CBA74E /* CopyTo.swift in Sources */ = {isa = PBXBuildFile; fileRef = 2E855E6C265558D700CBA74E /* CopyTo.swift */; };
		2E855E7B2656921200CBA74E /* EditGroup.swift in Sources */ = {isa = PBXBuildFile; fileRef = 2E855E7A2656921200CBA74E /* EditGroup.swift */; };
		2E855E8B265692A000CBA74E /* EditGroup.swift in Sources */ = {isa = PBXBuildFile; fileRef = 2E855E8A265692A000CBA74E /* EditGroup.swift */; };
		2E9ADFDA264D54CE00078CF1 /* FooterInvitationGroup.swift in Sources */ = {isa = PBXBuildFile; fileRef = 2E9ADFD9264D54CE00078CF1 /* FooterInvitationGroup.swift */; };
		2E9ADFED264EB4E200078CF1 /* IconNumberInfo.swift in Sources */ = {isa = PBXBuildFile; fileRef = 2E9ADFEC264EB4E200078CF1 /* IconNumberInfo.swift */; };
		2E9ADFF7264EBCF500078CF1 /* GroupImageUsersInfo.swift in Sources */ = {isa = PBXBuildFile; fileRef = 2E9ADFF6264EBCF500078CF1 /* GroupImageUsersInfo.swift */; };
		2E9ADFFD264EC5C900078CF1 /* CircleUserProfile.swift in Sources */ = {isa = PBXBuildFile; fileRef = 2E9ADFFC264EC5C900078CF1 /* CircleUserProfile.swift */; };
		2EE2963A2652AF9A006BB4ED /* StringFirstLetter.swift in Sources */ = {isa = PBXBuildFile; fileRef = 2EE296392652AF9A006BB4ED /* StringFirstLetter.swift */; };
		2EE2963B2652AF9A006BB4ED /* StringFirstLetter.swift in Sources */ = {isa = PBXBuildFile; fileRef = 2EE296392652AF9A006BB4ED /* StringFirstLetter.swift */; };
		2EE296412652B261006BB4ED /* DataModelGroupCell.swift in Sources */ = {isa = PBXBuildFile; fileRef = 2EE296402652B261006BB4ED /* DataModelGroupCell.swift */; };
		2EE296422652B261006BB4ED /* DataModelGroupCell.swift in Sources */ = {isa = PBXBuildFile; fileRef = 2EE296402652B261006BB4ED /* DataModelGroupCell.swift */; };
		2EE2964826533FFD006BB4ED /* GroupItemRow.swift in Sources */ = {isa = PBXBuildFile; fileRef = 2EE2964726533FFD006BB4ED /* GroupItemRow.swift */; };
		2EE2964926533FFD006BB4ED /* GroupItemRow.swift in Sources */ = {isa = PBXBuildFile; fileRef = 2EE2964726533FFD006BB4ED /* GroupItemRow.swift */; };
		AF0188CB265400E100E1C347 /* ExDivider.swift in Sources */ = {isa = PBXBuildFile; fileRef = AF0188CA265400E100E1C347 /* ExDivider.swift */; };
		AF0188CC265400F700E1C347 /* ExDivider.swift in Sources */ = {isa = PBXBuildFile; fileRef = AF0188CA265400E100E1C347 /* ExDivider.swift */; };
		AF2746502655364E006DD20B /* CreateSummary.swift in Sources */ = {isa = PBXBuildFile; fileRef = AF27464F2655364E006DD20B /* CreateSummary.swift */; };
		AF4CC495265E7A0A005C9CBA /* CustomButtonStyle.swift in Sources */ = {isa = PBXBuildFile; fileRef = AF4CC494265E7A0A005C9CBA /* CustomButtonStyle.swift */; };
		AF4CC496265E7AE0005C9CBA /* CustomButtonStyle.swift in Sources */ = {isa = PBXBuildFile; fileRef = AF4CC494265E7A0A005C9CBA /* CustomButtonStyle.swift */; };
		AF664BA82652AB8900A6964E /* CreateGroup.swift in Sources */ = {isa = PBXBuildFile; fileRef = AF664BA72652AB8900A6964E /* CreateGroup.swift */; };
		AF664BA92652ABDD00A6964E /* CreateGroup.swift in Sources */ = {isa = PBXBuildFile; fileRef = AF664BA52652A94900A6964E /* CreateGroup.swift */; };
		AF7A00D8265D22F300A6EF38 /* CustomButton.swift in Sources */ = {isa = PBXBuildFile; fileRef = AF7A00D7265D22F300A6EF38 /* CustomButton.swift */; };
		AF7A00DE265D23FF00A6EF38 /* ImportPDF.swift in Sources */ = {isa = PBXBuildFile; fileRef = AF7A00DD265D23FF00A6EF38 /* ImportPDF.swift */; };
		AF7A00E0265D299300A6EF38 /* CreateSummary.swift in Sources */ = {isa = PBXBuildFile; fileRef = AF27464F2655364E006DD20B /* CreateSummary.swift */; };
		AF7A00E3265D2C1900A6EF38 /* AddMaterial.swift in Sources */ = {isa = PBXBuildFile; fileRef = AF7A00E2265D2C1900A6EF38 /* AddMaterial.swift */; };
		AF7AFE34265D5BCC00EECC39 /* DocumentPicker.swift in Sources */ = {isa = PBXBuildFile; fileRef = AF7CB9842656ADCB006A54AA /* DocumentPicker.swift */; };
		AF7AFE3F265D5F1100EECC39 /* SwiftUILib.DocumentPicker in Frameworks */ = {isa = PBXBuildFile; productRef = AF7AFE3E265D5F1100EECC39 /* SwiftUILib.DocumentPicker */; };
		AF7AFE41265D5F3300EECC39 /* SwiftUILib.DocumentPicker in Frameworks */ = {isa = PBXBuildFile; productRef = AF7AFE40265D5F3300EECC39 /* SwiftUILib.DocumentPicker */; };
		AF7CB97E26568D13006A54AA /* AddMaterial.swift in Sources */ = {isa = PBXBuildFile; fileRef = AF7CB97D26568D13006A54AA /* AddMaterial.swift */; };
		AF7CB980265690A7006A54AA /* ImportPDF.swift in Sources */ = {isa = PBXBuildFile; fileRef = AF7CB97F265690A7006A54AA /* ImportPDF.swift */; };
		AF7CB9822656AD76006A54AA /* RoundedCorners.swift in Sources */ = {isa = PBXBuildFile; fileRef = AF7CB9812656AD76006A54AA /* RoundedCorners.swift */; };
		AF7CB9832656AD7A006A54AA /* RoundedCorners.swift in Sources */ = {isa = PBXBuildFile; fileRef = AF7CB9812656AD76006A54AA /* RoundedCorners.swift */; };
		AFAA7E31264E9D06007CB298 /* ContentCover.swift in Sources */ = {isa = PBXBuildFile; fileRef = AFAA7E30264E9D06007CB298 /* ContentCover.swift */; };
		AFAA7E32264E9D06007CB298 /* ContentCover.swift in Sources */ = {isa = PBXBuildFile; fileRef = AFAA7E30264E9D06007CB298 /* ContentCover.swift */; };
		AFAA7E35264E9E1A007CB298 /* ContentCoverList.swift in Sources */ = {isa = PBXBuildFile; fileRef = AFAA7E34264E9E1A007CB298 /* ContentCoverList.swift */; };
		AFAA7E36264E9E1A007CB298 /* ContentCoverList.swift in Sources */ = {isa = PBXBuildFile; fileRef = AFAA7E34264E9E1A007CB298 /* ContentCoverList.swift */; };
		AFAA7E38264EBAC5007CB298 /* DataModelTest.swift in Sources */ = {isa = PBXBuildFile; fileRef = AFAA7E37264EBAC5007CB298 /* DataModelTest.swift */; };
		AFAA7E39264EBAC5007CB298 /* DataModelTest.swift in Sources */ = {isa = PBXBuildFile; fileRef = AFAA7E37264EBAC5007CB298 /* DataModelTest.swift */; };
		AFFE436A264D5B7C000B88DF /* View.swift in Sources */ = {isa = PBXBuildFile; fileRef = AFFE4369264D5B7C000B88DF /* View.swift */; };
		AFFE436B264D5B7C000B88DF /* View.swift in Sources */ = {isa = PBXBuildFile; fileRef = AFFE4369264D5B7C000B88DF /* View.swift */; };
		AFFE4371264D6C9A000B88DF /* AuxiliarView.swift in Sources */ = {isa = PBXBuildFile; fileRef = AFFE4370264D6C9A000B88DF /* AuxiliarView.swift */; };
		AFFE4372264D6C9A000B88DF /* AuxiliarView.swift in Sources */ = {isa = PBXBuildFile; fileRef = AFFE4370264D6C9A000B88DF /* AuxiliarView.swift */; };
		AFFE4374264D6CDA000B88DF /* CircleButton.swift in Sources */ = {isa = PBXBuildFile; fileRef = AFFE4373264D6CDA000B88DF /* CircleButton.swift */; };
		AFFE4375264D6CDA000B88DF /* CircleButton.swift in Sources */ = {isa = PBXBuildFile; fileRef = AFFE4373264D6CDA000B88DF /* CircleButton.swift */; };
		AFFE4377264D6D0D000B88DF /* CircleImageProfile.swift in Sources */ = {isa = PBXBuildFile; fileRef = AFFE4376264D6D0D000B88DF /* CircleImageProfile.swift */; };
		AFFE4378264D6D0D000B88DF /* CircleImageProfile.swift in Sources */ = {isa = PBXBuildFile; fileRef = AFFE4376264D6D0D000B88DF /* CircleImageProfile.swift */; };
		DE3F12FD264AC58400E00BFD /* TestsiOS.swift in Sources */ = {isa = PBXBuildFile; fileRef = DE3F12FC264AC58400E00BFD /* TestsiOS.swift */; };
		DE3F1308264AC58400E00BFD /* TestsMacOS.swift in Sources */ = {isa = PBXBuildFile; fileRef = DE3F1307264AC58400E00BFD /* TestsMacOS.swift */; };
		DE3F130A264AC58400E00BFD /* multi_challenge.xcdatamodeld in Sources */ = {isa = PBXBuildFile; fileRef = DE3F12DE264AC58300E00BFD /* multi_challenge.xcdatamodeld */; };
		DE3F130B264AC58400E00BFD /* multi_challenge.xcdatamodeld in Sources */ = {isa = PBXBuildFile; fileRef = DE3F12DE264AC58300E00BFD /* multi_challenge.xcdatamodeld */; };
		DE3F130C264AC58400E00BFD /* MultiChallengeApp.swift in Sources */ = {isa = PBXBuildFile; fileRef = DE3F12E0264AC58300E00BFD /* MultiChallengeApp.swift */; };
		DE3F130D264AC58400E00BFD /* MultiChallengeApp.swift in Sources */ = {isa = PBXBuildFile; fileRef = DE3F12E0264AC58300E00BFD /* MultiChallengeApp.swift */; };
		DE3F130E264AC58400E00BFD /* ContentView.swift in Sources */ = {isa = PBXBuildFile; fileRef = DE3F12E1264AC58300E00BFD /* ContentView.swift */; };
		DE3F130F264AC58400E00BFD /* ContentView.swift in Sources */ = {isa = PBXBuildFile; fileRef = DE3F12E1264AC58300E00BFD /* ContentView.swift */; };
		DE3F1310264AC58400E00BFD /* Persistence.swift in Sources */ = {isa = PBXBuildFile; fileRef = DE3F12E2264AC58300E00BFD /* Persistence.swift */; };
		DE3F1311264AC58400E00BFD /* Persistence.swift in Sources */ = {isa = PBXBuildFile; fileRef = DE3F12E2264AC58300E00BFD /* Persistence.swift */; };
		DE3F1312264AC58400E00BFD /* Assets.xcassets in Resources */ = {isa = PBXBuildFile; fileRef = DE3F12E3264AC58400E00BFD /* Assets.xcassets */; };
		DE3F1313264AC58400E00BFD /* Assets.xcassets in Resources */ = {isa = PBXBuildFile; fileRef = DE3F12E3264AC58400E00BFD /* Assets.xcassets */; };
		DE3F1329264ACC9600E00BFD /* .swiftlint.yml in Resources */ = {isa = PBXBuildFile; fileRef = DE3F1328264ACC9600E00BFD /* .swiftlint.yml */; };
		DE3F132A264ACC9600E00BFD /* .swiftlint.yml in Resources */ = {isa = PBXBuildFile; fileRef = DE3F1328264ACC9600E00BFD /* .swiftlint.yml */; };
		DE671D9F2651EAD700F6942B /* UserRoundedImageList.swift in Sources */ = {isa = PBXBuildFile; fileRef = DE671D9E2651EAD700F6942B /* UserRoundedImageList.swift */; };
		DE671DA02651EAD700F6942B /* UserRoundedImageList.swift in Sources */ = {isa = PBXBuildFile; fileRef = DE671D9E2651EAD700F6942B /* UserRoundedImageList.swift */; };
		DE68B347264D68690094AD94 /* Content+CoreDataClass.swift in Sources */ = {isa = PBXBuildFile; fileRef = DE68B341264D68690094AD94 /* Content+CoreDataClass.swift */; };
		DE68B348264D68690094AD94 /* Content+CoreDataClass.swift in Sources */ = {isa = PBXBuildFile; fileRef = DE68B341264D68690094AD94 /* Content+CoreDataClass.swift */; };
		DE68B349264D68690094AD94 /* Content+CoreDataProperties.swift in Sources */ = {isa = PBXBuildFile; fileRef = DE68B342264D68690094AD94 /* Content+CoreDataProperties.swift */; };
		DE68B34A264D68690094AD94 /* Content+CoreDataProperties.swift in Sources */ = {isa = PBXBuildFile; fileRef = DE68B342264D68690094AD94 /* Content+CoreDataProperties.swift */; };
		DE68B34B264D68690094AD94 /* Group+CoreDataClass.swift in Sources */ = {isa = PBXBuildFile; fileRef = DE68B343264D68690094AD94 /* Group+CoreDataClass.swift */; };
		DE68B34C264D68690094AD94 /* Group+CoreDataClass.swift in Sources */ = {isa = PBXBuildFile; fileRef = DE68B343264D68690094AD94 /* Group+CoreDataClass.swift */; };
		DE68B34D264D68690094AD94 /* Group+CoreDataProperties.swift in Sources */ = {isa = PBXBuildFile; fileRef = DE68B344264D68690094AD94 /* Group+CoreDataProperties.swift */; };
		DE68B34E264D68690094AD94 /* Group+CoreDataProperties.swift in Sources */ = {isa = PBXBuildFile; fileRef = DE68B344264D68690094AD94 /* Group+CoreDataProperties.swift */; };
		DE68B34F264D68690094AD94 /* User+CoreDataClass.swift in Sources */ = {isa = PBXBuildFile; fileRef = DE68B345264D68690094AD94 /* User+CoreDataClass.swift */; };
		DE68B350264D68690094AD94 /* User+CoreDataClass.swift in Sources */ = {isa = PBXBuildFile; fileRef = DE68B345264D68690094AD94 /* User+CoreDataClass.swift */; };
		DE68B351264D68690094AD94 /* User+CoreDataProperties.swift in Sources */ = {isa = PBXBuildFile; fileRef = DE68B346264D68690094AD94 /* User+CoreDataProperties.swift */; };
		DE68B352264D68690094AD94 /* User+CoreDataProperties.swift in Sources */ = {isa = PBXBuildFile; fileRef = DE68B346264D68690094AD94 /* User+CoreDataProperties.swift */; };
		DE68B368264D735C0094AD94 /* UserRoundedImage.swift in Sources */ = {isa = PBXBuildFile; fileRef = DE68B367264D735C0094AD94 /* UserRoundedImage.swift */; };
		DE68B369264D735C0094AD94 /* UserRoundedImage.swift in Sources */ = {isa = PBXBuildFile; fileRef = DE68B367264D735C0094AD94 /* UserRoundedImage.swift */; };
		DE78CCC3264C122F00EF5639 /* Color+AppColors.swift in Sources */ = {isa = PBXBuildFile; fileRef = DE78CCC2264C122F00EF5639 /* Color+AppColors.swift */; };
		DE78CCC4264C122F00EF5639 /* Color+AppColors.swift in Sources */ = {isa = PBXBuildFile; fileRef = DE78CCC2264C122F00EF5639 /* Color+AppColors.swift */; };
		DEC69D6B2653E2BE000834E2 /* MyBinderView.swift in Sources */ = {isa = PBXBuildFile; fileRef = DEC69D6A2653E2BE000834E2 /* MyBinderView.swift */; };
		DEEE5D4D265559150063BAC1 /* GroupView.swift in Sources */ = {isa = PBXBuildFile; fileRef = DEEE5D4C265559140063BAC1 /* GroupView.swift */; };
		DEEE5D64265697060063BAC1 /* UserRoundedIcon.swift in Sources */ = {isa = PBXBuildFile; fileRef = DEEE5D63265697060063BAC1 /* UserRoundedIcon.swift */; };
		DEEE5D65265697060063BAC1 /* UserRoundedIcon.swift in Sources */ = {isa = PBXBuildFile; fileRef = DEEE5D63265697060063BAC1 /* UserRoundedIcon.swift */; };
		DEEE5D6B26569C130063BAC1 /* ChainButton.swift in Sources */ = {isa = PBXBuildFile; fileRef = DEEE5D6A26569C130063BAC1 /* ChainButton.swift */; };
		DEEE5D6C26569C130063BAC1 /* ChainButton.swift in Sources */ = {isa = PBXBuildFile; fileRef = DEEE5D6A26569C130063BAC1 /* ChainButton.swift */; };
/* End PBXBuildFile section */

/* Begin PBXContainerItemProxy section */
		AF7AFE35265D5C8200EECC39 /* PBXContainerItemProxy */ = {
			isa = PBXContainerItemProxy;
			containerPortal = DE3F12D9264AC58300E00BFD /* Project object */;
			proxyType = 1;
			remoteGlobalIDString = DE3F12E7264AC58400E00BFD;
			remoteInfo = "multi-challenge (iOS)";
		};
		DE3F12F9264AC58400E00BFD /* PBXContainerItemProxy */ = {
			isa = PBXContainerItemProxy;
			containerPortal = DE3F12D9264AC58300E00BFD /* Project object */;
			proxyType = 1;
			remoteGlobalIDString = DE3F12E7264AC58400E00BFD;
			remoteInfo = "multi-challenge (iOS)";
		};
		DE3F1304264AC58400E00BFD /* PBXContainerItemProxy */ = {
			isa = PBXContainerItemProxy;
			containerPortal = DE3F12D9264AC58300E00BFD /* Project object */;
			proxyType = 1;
			remoteGlobalIDString = DE3F12EF264AC58400E00BFD;
			remoteInfo = "multi-challenge (macOS)";
		};
/* End PBXContainerItemProxy section */

/* Begin PBXFileReference section */
		2700452F264D4B4900A5CFBB /* ImagePicker.swift */ = {isa = PBXFileReference; lastKnownFileType = sourcecode.swift; path = ImagePicker.swift; sourceTree = "<group>"; };
		27004531264D5AB500A5CFBB /* ImageOrColorView.swift */ = {isa = PBXFileReference; lastKnownFileType = sourcecode.swift; path = ImageOrColorView.swift; sourceTree = "<group>"; };
		27004533264D5C3A00A5CFBB /* ColorsList.swift */ = {isa = PBXFileReference; lastKnownFileType = sourcecode.swift; path = ColorsList.swift; sourceTree = "<group>"; };
		272B375C264C152500D6BDC6 /* AvatarHandler.swift */ = {isa = PBXFileReference; lastKnownFileType = sourcecode.swift; path = AvatarHandler.swift; sourceTree = "<group>"; };
		272B3761264C227400D6BDC6 /* CircleColor.swift */ = {isa = PBXFileReference; lastKnownFileType = sourcecode.swift; path = CircleColor.swift; sourceTree = "<group>"; };
		273DD0152657F29400C39F9C /* SummaryView.swift */ = {isa = PBXFileReference; lastKnownFileType = sourcecode.swift; path = SummaryView.swift; sourceTree = "<group>"; };
		273DD018265BCF8900C39F9C /* ViewSummary.swift */ = {isa = PBXFileReference; lastKnownFileType = sourcecode.swift; path = ViewSummary.swift; sourceTree = "<group>"; };
		273DD01B265BD69900C39F9C /* MaterialView.swift */ = {isa = PBXFileReference; lastKnownFileType = sourcecode.swift; path = MaterialView.swift; sourceTree = "<group>"; };
		273DD01E265BD75300C39F9C /* PDFViewer.swift */ = {isa = PBXFileReference; lastKnownFileType = sourcecode.swift; path = PDFViewer.swift; sourceTree = "<group>"; };
		273DD021265BDA8D00C39F9C /* PDFViewer.swift */ = {isa = PBXFileReference; lastKnownFileType = sourcecode.swift; path = PDFViewer.swift; sourceTree = "<group>"; };
		27A79FBC2652B5B00052C8C6 /* BarController.swift */ = {isa = PBXFileReference; lastKnownFileType = sourcecode.swift; path = BarController.swift; sourceTree = "<group>"; };
		2E855E1F2653F26300CBA74E /* GroupList.swift */ = {isa = PBXFileReference; lastKnownFileType = sourcecode.swift; path = GroupList.swift; sourceTree = "<group>"; };
		2E855E262653FB3200CBA74E /* SearchBar.swift */ = {isa = PBXFileReference; lastKnownFileType = sourcecode.swift; path = SearchBar.swift; sourceTree = "<group>"; };
		2E855E352655371900CBA74E /* Groups.swift */ = {isa = PBXFileReference; lastKnownFileType = sourcecode.swift; path = Groups.swift; sourceTree = "<group>"; };
		2E855E3B2655373600CBA74E /* Groups.swift */ = {isa = PBXFileReference; lastKnownFileType = sourcecode.swift; path = Groups.swift; sourceTree = "<group>"; };
		2E855E6C265558D700CBA74E /* CopyTo.swift */ = {isa = PBXFileReference; lastKnownFileType = sourcecode.swift; path = CopyTo.swift; sourceTree = "<group>"; };
		2E855E7A2656921200CBA74E /* EditGroup.swift */ = {isa = PBXFileReference; lastKnownFileType = sourcecode.swift; path = EditGroup.swift; sourceTree = "<group>"; };
		2E855E8A265692A000CBA74E /* EditGroup.swift */ = {isa = PBXFileReference; lastKnownFileType = sourcecode.swift; path = EditGroup.swift; sourceTree = "<group>"; };
		2E9ADFD9264D54CE00078CF1 /* FooterInvitationGroup.swift */ = {isa = PBXFileReference; lastKnownFileType = sourcecode.swift; path = FooterInvitationGroup.swift; sourceTree = "<group>"; };
		2E9ADFEC264EB4E200078CF1 /* IconNumberInfo.swift */ = {isa = PBXFileReference; lastKnownFileType = sourcecode.swift; path = IconNumberInfo.swift; sourceTree = "<group>"; };
		2E9ADFF6264EBCF500078CF1 /* GroupImageUsersInfo.swift */ = {isa = PBXFileReference; lastKnownFileType = sourcecode.swift; path = GroupImageUsersInfo.swift; sourceTree = "<group>"; };
		2E9ADFFC264EC5C900078CF1 /* CircleUserProfile.swift */ = {isa = PBXFileReference; lastKnownFileType = sourcecode.swift; path = CircleUserProfile.swift; sourceTree = "<group>"; };
		2EE296392652AF9A006BB4ED /* StringFirstLetter.swift */ = {isa = PBXFileReference; lastKnownFileType = sourcecode.swift; path = StringFirstLetter.swift; sourceTree = "<group>"; };
		2EE296402652B261006BB4ED /* DataModelGroupCell.swift */ = {isa = PBXFileReference; lastKnownFileType = sourcecode.swift; path = DataModelGroupCell.swift; sourceTree = "<group>"; };
		2EE2964726533FFD006BB4ED /* GroupItemRow.swift */ = {isa = PBXFileReference; lastKnownFileType = sourcecode.swift; path = GroupItemRow.swift; sourceTree = "<group>"; };
		AF0188CA265400E100E1C347 /* ExDivider.swift */ = {isa = PBXFileReference; lastKnownFileType = sourcecode.swift; path = ExDivider.swift; sourceTree = "<group>"; };
		AF27464F2655364E006DD20B /* CreateSummary.swift */ = {isa = PBXFileReference; lastKnownFileType = sourcecode.swift; path = CreateSummary.swift; sourceTree = "<group>"; };
		AF4CC494265E7A0A005C9CBA /* CustomButtonStyle.swift */ = {isa = PBXFileReference; lastKnownFileType = sourcecode.swift; path = CustomButtonStyle.swift; sourceTree = "<group>"; };
		AF664BA52652A94900A6964E /* CreateGroup.swift */ = {isa = PBXFileReference; lastKnownFileType = sourcecode.swift; path = CreateGroup.swift; sourceTree = "<group>"; };
		AF664BA72652AB8900A6964E /* CreateGroup.swift */ = {isa = PBXFileReference; lastKnownFileType = sourcecode.swift; path = CreateGroup.swift; sourceTree = "<group>"; };
		AF7A00D7265D22F300A6EF38 /* CustomButton.swift */ = {isa = PBXFileReference; lastKnownFileType = sourcecode.swift; path = CustomButton.swift; sourceTree = "<group>"; };
		AF7A00DD265D23FF00A6EF38 /* ImportPDF.swift */ = {isa = PBXFileReference; lastKnownFileType = sourcecode.swift; path = ImportPDF.swift; sourceTree = "<group>"; };
		AF7A00E2265D2C1900A6EF38 /* AddMaterial.swift */ = {isa = PBXFileReference; lastKnownFileType = sourcecode.swift; path = AddMaterial.swift; sourceTree = "<group>"; };
		AF7CB97D26568D13006A54AA /* AddMaterial.swift */ = {isa = PBXFileReference; lastKnownFileType = sourcecode.swift; path = AddMaterial.swift; sourceTree = "<group>"; };
		AF7CB97F265690A7006A54AA /* ImportPDF.swift */ = {isa = PBXFileReference; lastKnownFileType = sourcecode.swift; path = ImportPDF.swift; sourceTree = "<group>"; };
		AF7CB9812656AD76006A54AA /* RoundedCorners.swift */ = {isa = PBXFileReference; lastKnownFileType = sourcecode.swift; path = RoundedCorners.swift; sourceTree = "<group>"; };
		AF7CB9842656ADCB006A54AA /* DocumentPicker.swift */ = {isa = PBXFileReference; lastKnownFileType = sourcecode.swift; path = DocumentPicker.swift; sourceTree = "<group>"; };
		AFAA7E30264E9D06007CB298 /* ContentCover.swift */ = {isa = PBXFileReference; fileEncoding = 4; lastKnownFileType = sourcecode.swift; path = ContentCover.swift; sourceTree = "<group>"; };
		AFAA7E34264E9E1A007CB298 /* ContentCoverList.swift */ = {isa = PBXFileReference; lastKnownFileType = sourcecode.swift; path = ContentCoverList.swift; sourceTree = "<group>"; };
		AFAA7E37264EBAC5007CB298 /* DataModelTest.swift */ = {isa = PBXFileReference; lastKnownFileType = sourcecode.swift; path = DataModelTest.swift; sourceTree = "<group>"; };
		AFFE4369264D5B7C000B88DF /* View.swift */ = {isa = PBXFileReference; lastKnownFileType = sourcecode.swift; path = View.swift; sourceTree = "<group>"; };
		AFFE4370264D6C9A000B88DF /* AuxiliarView.swift */ = {isa = PBXFileReference; lastKnownFileType = sourcecode.swift; path = AuxiliarView.swift; sourceTree = "<group>"; };
		AFFE4373264D6CDA000B88DF /* CircleButton.swift */ = {isa = PBXFileReference; lastKnownFileType = sourcecode.swift; path = CircleButton.swift; sourceTree = "<group>"; };
		AFFE4376264D6D0D000B88DF /* CircleImageProfile.swift */ = {isa = PBXFileReference; lastKnownFileType = sourcecode.swift; path = CircleImageProfile.swift; sourceTree = "<group>"; };
		DE3F12DF264AC58300E00BFD /* Shared.xcdatamodel */ = {isa = PBXFileReference; lastKnownFileType = wrapper.xcdatamodel; path = Shared.xcdatamodel; sourceTree = "<group>"; };
		DE3F12E0264AC58300E00BFD /* MultiChallengeApp.swift */ = {isa = PBXFileReference; lastKnownFileType = sourcecode.swift; path = MultiChallengeApp.swift; sourceTree = "<group>"; };
		DE3F12E1264AC58300E00BFD /* ContentView.swift */ = {isa = PBXFileReference; lastKnownFileType = sourcecode.swift; path = ContentView.swift; sourceTree = "<group>"; };
		DE3F12E2264AC58300E00BFD /* Persistence.swift */ = {isa = PBXFileReference; lastKnownFileType = sourcecode.swift; path = Persistence.swift; sourceTree = "<group>"; };
		DE3F12E3264AC58400E00BFD /* Assets.xcassets */ = {isa = PBXFileReference; lastKnownFileType = folder.assetcatalog; path = Assets.xcassets; sourceTree = "<group>"; };
		DE3F12E8264AC58400E00BFD /* multi-challenge.app */ = {isa = PBXFileReference; explicitFileType = wrapper.application; includeInIndex = 0; path = "multi-challenge.app"; sourceTree = BUILT_PRODUCTS_DIR; };
		DE3F12EB264AC58400E00BFD /* Info.plist */ = {isa = PBXFileReference; lastKnownFileType = text.plist.xml; path = Info.plist; sourceTree = "<group>"; };
		DE3F12F0264AC58400E00BFD /* multi-challenge.app */ = {isa = PBXFileReference; explicitFileType = wrapper.application; includeInIndex = 0; path = "multi-challenge.app"; sourceTree = BUILT_PRODUCTS_DIR; };
		DE3F12F2264AC58400E00BFD /* Info.plist */ = {isa = PBXFileReference; lastKnownFileType = text.plist.xml; path = Info.plist; sourceTree = "<group>"; };
		DE3F12F3264AC58400E00BFD /* macOS.entitlements */ = {isa = PBXFileReference; lastKnownFileType = text.plist.entitlements; path = macOS.entitlements; sourceTree = "<group>"; };
		DE3F12F8264AC58400E00BFD /* Tests iOS.xctest */ = {isa = PBXFileReference; explicitFileType = wrapper.cfbundle; includeInIndex = 0; path = "Tests iOS.xctest"; sourceTree = BUILT_PRODUCTS_DIR; };
		DE3F12FC264AC58400E00BFD /* TestsiOS.swift */ = {isa = PBXFileReference; lastKnownFileType = sourcecode.swift; path = TestsiOS.swift; sourceTree = "<group>"; };
		DE3F12FE264AC58400E00BFD /* Info.plist */ = {isa = PBXFileReference; lastKnownFileType = text.plist.xml; path = Info.plist; sourceTree = "<group>"; };
		DE3F1303264AC58400E00BFD /* Tests macOS.xctest */ = {isa = PBXFileReference; explicitFileType = wrapper.cfbundle; includeInIndex = 0; path = "Tests macOS.xctest"; sourceTree = BUILT_PRODUCTS_DIR; };
		DE3F1307264AC58400E00BFD /* TestsMacOS.swift */ = {isa = PBXFileReference; lastKnownFileType = sourcecode.swift; path = TestsMacOS.swift; sourceTree = "<group>"; };
		DE3F1309264AC58400E00BFD /* Info.plist */ = {isa = PBXFileReference; lastKnownFileType = text.plist.xml; path = Info.plist; sourceTree = "<group>"; };
		DE3F1328264ACC9600E00BFD /* .swiftlint.yml */ = {isa = PBXFileReference; lastKnownFileType = text.yaml; path = .swiftlint.yml; sourceTree = "<group>"; };
		DE671D9E2651EAD700F6942B /* UserRoundedImageList.swift */ = {isa = PBXFileReference; lastKnownFileType = sourcecode.swift; path = UserRoundedImageList.swift; sourceTree = "<group>"; };
		DE68B341264D68690094AD94 /* Content+CoreDataClass.swift */ = {isa = PBXFileReference; lastKnownFileType = sourcecode.swift; path = "Content+CoreDataClass.swift"; sourceTree = "<group>"; };
		DE68B342264D68690094AD94 /* Content+CoreDataProperties.swift */ = {isa = PBXFileReference; lastKnownFileType = sourcecode.swift; path = "Content+CoreDataProperties.swift"; sourceTree = "<group>"; };
		DE68B343264D68690094AD94 /* Group+CoreDataClass.swift */ = {isa = PBXFileReference; lastKnownFileType = sourcecode.swift; path = "Group+CoreDataClass.swift"; sourceTree = "<group>"; };
		DE68B344264D68690094AD94 /* Group+CoreDataProperties.swift */ = {isa = PBXFileReference; lastKnownFileType = sourcecode.swift; path = "Group+CoreDataProperties.swift"; sourceTree = "<group>"; };
		DE68B345264D68690094AD94 /* User+CoreDataClass.swift */ = {isa = PBXFileReference; lastKnownFileType = sourcecode.swift; path = "User+CoreDataClass.swift"; sourceTree = "<group>"; };
		DE68B346264D68690094AD94 /* User+CoreDataProperties.swift */ = {isa = PBXFileReference; lastKnownFileType = sourcecode.swift; path = "User+CoreDataProperties.swift"; sourceTree = "<group>"; };
		DE68B367264D735C0094AD94 /* UserRoundedImage.swift */ = {isa = PBXFileReference; lastKnownFileType = sourcecode.swift; path = UserRoundedImage.swift; sourceTree = "<group>"; };
		DE78CCC2264C122F00EF5639 /* Color+AppColors.swift */ = {isa = PBXFileReference; lastKnownFileType = sourcecode.swift; path = "Color+AppColors.swift"; sourceTree = "<group>"; };
		DEC69D6A2653E2BE000834E2 /* MyBinderView.swift */ = {isa = PBXFileReference; lastKnownFileType = sourcecode.swift; path = MyBinderView.swift; sourceTree = "<group>"; };
		DEEE5D4C265559140063BAC1 /* GroupView.swift */ = {isa = PBXFileReference; lastKnownFileType = sourcecode.swift; path = GroupView.swift; sourceTree = "<group>"; };
		DEEE5D63265697060063BAC1 /* UserRoundedIcon.swift */ = {isa = PBXFileReference; lastKnownFileType = sourcecode.swift; path = UserRoundedIcon.swift; sourceTree = "<group>"; };
		DEEE5D6A26569C130063BAC1 /* ChainButton.swift */ = {isa = PBXFileReference; lastKnownFileType = sourcecode.swift; path = ChainButton.swift; sourceTree = "<group>"; };
/* End PBXFileReference section */

/* Begin PBXFrameworksBuildPhase section */
		DE3F12E5264AC58400E00BFD /* Frameworks */ = {
			isa = PBXFrameworksBuildPhase;
			buildActionMask = 2147483647;
			files = (
				AF7AFE3F265D5F1100EECC39 /* SwiftUILib.DocumentPicker in Frameworks */,
				273DD0112657F00000C39F9C /* HighlightedTextEditor in Frameworks */,
			);
			runOnlyForDeploymentPostprocessing = 0;
		};
		DE3F12ED264AC58400E00BFD /* Frameworks */ = {
			isa = PBXFrameworksBuildPhase;
			buildActionMask = 2147483647;
			files = (
				AF7AFE41265D5F3300EECC39 /* SwiftUILib.DocumentPicker in Frameworks */,
				273DD0142657F02700C39F9C /* HighlightedTextEditor in Frameworks */,
			);
			runOnlyForDeploymentPostprocessing = 0;
		};
		DE3F12F5264AC58400E00BFD /* Frameworks */ = {
			isa = PBXFrameworksBuildPhase;
			buildActionMask = 2147483647;
			files = (
			);
			runOnlyForDeploymentPostprocessing = 0;
		};
		DE3F1300264AC58400E00BFD /* Frameworks */ = {
			isa = PBXFrameworksBuildPhase;
			buildActionMask = 2147483647;
			files = (
			);
			runOnlyForDeploymentPostprocessing = 0;
		};
/* End PBXFrameworksBuildPhase section */

/* Begin PBXGroup section */
		272B375E264C16B700D6BDC6 /* AvatarHandler */ = {
			isa = PBXGroup;
			children = (
				272B375C264C152500D6BDC6 /* AvatarHandler.swift */,
				272B3761264C227400D6BDC6 /* CircleColor.swift */,
				2700452F264D4B4900A5CFBB /* ImagePicker.swift */,
				27004531264D5AB500A5CFBB /* ImageOrColorView.swift */,
				27004533264D5C3A00A5CFBB /* ColorsList.swift */,
			);
			path = AvatarHandler;
			sourceTree = "<group>";
		};
		273DD0122657F02700C39F9C /* Frameworks */ = {
			isa = PBXGroup;
			children = (
			);
			name = Frameworks;
			sourceTree = "<group>";
		};
		2E9ADFEB264EB4A400078CF1 /* GroupList */ = {
			isa = PBXGroup;
			children = (
				2E9ADFEC264EB4E200078CF1 /* IconNumberInfo.swift */,
				2E9ADFF6264EBCF500078CF1 /* GroupImageUsersInfo.swift */,
				2E9ADFFC264EC5C900078CF1 /* CircleUserProfile.swift */,
				2EE296402652B261006BB4ED /* DataModelGroupCell.swift */,
				2EE2964726533FFD006BB4ED /* GroupItemRow.swift */,
				2E855E1F2653F26300CBA74E /* GroupList.swift */,
			);
			path = GroupList;
			sourceTree = "<group>";
		};
		AF0188CD2654062300E1C347 /* View */ = {
			isa = PBXGroup;
			children = (
				AF664BA72652AB8900A6964E /* CreateGroup.swift */,
				AF7CB97D26568D13006A54AA /* AddMaterial.swift */,
				2E855E352655371900CBA74E /* Groups.swift */,
				2E855E7A2656921200CBA74E /* EditGroup.swift */,
				2E855E6C265558D700CBA74E /* CopyTo.swift */,
				DEEE5D4C265559140063BAC1 /* GroupView.swift */,
			);
			path = View;
			sourceTree = "<group>";
		};
		AF0188CE2654063200E1C347 /* View */ = {
			isa = PBXGroup;
			children = (
				AF664BA52652A94900A6964E /* CreateGroup.swift */,
				2E855E3B2655373600CBA74E /* Groups.swift */,
				2E855E8A265692A000CBA74E /* EditGroup.swift */,
				273DD021265BDA8D00C39F9C /* PDFViewer.swift */,
				AF7A00E2265D2C1900A6EF38 /* AddMaterial.swift */,
			);
			path = View;
			sourceTree = "<group>";
		};
		AF558B9A2657F943004F7E5F /* Components */ = {
			isa = PBXGroup;
			children = (
				AF7CB97F265690A7006A54AA /* ImportPDF.swift */,
				AF7CB9842656ADCB006A54AA /* DocumentPicker.swift */,
				273DD01E265BD75300C39F9C /* PDFViewer.swift */,
			);
			path = Components;
			sourceTree = "<group>";
		};
		AF7A00D6265D22BE00A6EF38 /* Components */ = {
			isa = PBXGroup;
			children = (
				AF7A00D7265D22F300A6EF38 /* CustomButton.swift */,
				AF7A00DD265D23FF00A6EF38 /* ImportPDF.swift */,
			);
			path = Components;
			sourceTree = "<group>";
		};
		AFAA7E33264E9E0A007CB298 /* ContentCoverList */ = {
			isa = PBXGroup;
			children = (
				AFAA7E34264E9E1A007CB298 /* ContentCoverList.swift */,
				AFAA7E37264EBAC5007CB298 /* DataModelTest.swift */,
			);
			path = ContentCoverList;
			sourceTree = "<group>";
		};
		AFC04234264C0D0400B84696 /* Components */ = {
			isa = PBXGroup;
			children = (
				2E9ADFEB264EB4A400078CF1 /* GroupList */,
				AFAA7E33264E9E0A007CB298 /* ContentCoverList */,
				272B375E264C16B700D6BDC6 /* AvatarHandler */,
				AFFE436F264D6C76000B88DF /* ContentCover */,
				AF4CC494265E7A0A005C9CBA /* CustomButtonStyle.swift */,
				AF27464F2655364E006DD20B /* CreateSummary.swift */,
				2E9ADFD9264D54CE00078CF1 /* FooterInvitationGroup.swift */,
				2E855E262653FB3200CBA74E /* SearchBar.swift */,
				AF0188CA265400E100E1C347 /* ExDivider.swift */,
				DE68B367264D735C0094AD94 /* UserRoundedImage.swift */,
				DE671D9E2651EAD700F6942B /* UserRoundedImageList.swift */,
				AF7CB9812656AD76006A54AA /* RoundedCorners.swift */,
				DEEE5D63265697060063BAC1 /* UserRoundedIcon.swift */,
				DEEE5D6A26569C130063BAC1 /* ChainButton.swift */,
				273DD0152657F29400C39F9C /* SummaryView.swift */,
				273DD018265BCF8900C39F9C /* ViewSummary.swift */,
				273DD01B265BD69900C39F9C /* MaterialView.swift */,
			);
			path = Components;
			sourceTree = "<group>";
		};
		AFFE436F264D6C76000B88DF /* ContentCover */ = {
			isa = PBXGroup;
			children = (
				AFAA7E30264E9D06007CB298 /* ContentCover.swift */,
				AFFE4370264D6C9A000B88DF /* AuxiliarView.swift */,
				AFFE4373264D6CDA000B88DF /* CircleButton.swift */,
				AFFE4376264D6D0D000B88DF /* CircleImageProfile.swift */,
			);
			path = ContentCover;
			sourceTree = "<group>";
		};
		DE3F12D8264AC58300E00BFD = {
			isa = PBXGroup;
			children = (
				DE3F1328264ACC9600E00BFD /* .swiftlint.yml */,
				DE3F12DD264AC58300E00BFD /* Shared */,
				DE3F12EA264AC58400E00BFD /* iOS */,
				DE3F12F1264AC58400E00BFD /* macOS */,
				DE3F12FB264AC58400E00BFD /* Tests iOS */,
				DE3F1306264AC58400E00BFD /* Tests macOS */,
				DE3F12E9264AC58400E00BFD /* Products */,
				273DD0122657F02700C39F9C /* Frameworks */,
			);
			sourceTree = "<group>";
		};
		DE3F12DD264AC58300E00BFD /* Shared */ = {
			isa = PBXGroup;
			children = (
				DE78CD46264D606900EF5639 /* CoreData */,
				DE78CCBD264C100400EF5639 /* Extension */,
				AFC04234264C0D0400B84696 /* Components */,
				DEC69D6A2653E2BE000834E2 /* MyBinderView.swift */,
				DE3F12E0264AC58300E00BFD /* MultiChallengeApp.swift */,
				DE3F12E1264AC58300E00BFD /* ContentView.swift */,
				DE3F12E3264AC58400E00BFD /* Assets.xcassets */,
				DE3F12DE264AC58300E00BFD /* multi_challenge.xcdatamodeld */,
				27A79FBC2652B5B00052C8C6 /* BarController.swift */,
			);
			path = Shared;
			sourceTree = "<group>";
		};
		DE3F12E9264AC58400E00BFD /* Products */ = {
			isa = PBXGroup;
			children = (
				DE3F12E8264AC58400E00BFD /* multi-challenge.app */,
				DE3F12F0264AC58400E00BFD /* multi-challenge.app */,
				DE3F12F8264AC58400E00BFD /* Tests iOS.xctest */,
				DE3F1303264AC58400E00BFD /* Tests macOS.xctest */,
			);
			name = Products;
			sourceTree = "<group>";
		};
		DE3F12EA264AC58400E00BFD /* iOS */ = {
			isa = PBXGroup;
			children = (
				AF558B9A2657F943004F7E5F /* Components */,
				AF0188CD2654062300E1C347 /* View */,
				DE3F12EB264AC58400E00BFD /* Info.plist */,
			);
			path = iOS;
			sourceTree = "<group>";
		};
		DE3F12F1264AC58400E00BFD /* macOS */ = {
			isa = PBXGroup;
			children = (
				AF7A00D6265D22BE00A6EF38 /* Components */,
				AF0188CE2654063200E1C347 /* View */,
				DE3F12F2264AC58400E00BFD /* Info.plist */,
				DE3F12F3264AC58400E00BFD /* macOS.entitlements */,
			);
			path = macOS;
			sourceTree = "<group>";
		};
		DE3F12FB264AC58400E00BFD /* Tests iOS */ = {
			isa = PBXGroup;
			children = (
				DE3F12FC264AC58400E00BFD /* TestsiOS.swift */,
				DE3F12FE264AC58400E00BFD /* Info.plist */,
			);
			path = "Tests iOS";
			sourceTree = "<group>";
		};
		DE3F1306264AC58400E00BFD /* Tests macOS */ = {
			isa = PBXGroup;
			children = (
				DE3F1307264AC58400E00BFD /* TestsMacOS.swift */,
				DE3F1309264AC58400E00BFD /* Info.plist */,
			);
			path = "Tests macOS";
			sourceTree = "<group>";
		};
		DE78CCBD264C100400EF5639 /* Extension */ = {
			isa = PBXGroup;
			children = (
				DE78CCC2264C122F00EF5639 /* Color+AppColors.swift */,
				AFFE4369264D5B7C000B88DF /* View.swift */,
				2EE296392652AF9A006BB4ED /* StringFirstLetter.swift */,
			);
			path = Extension;
			sourceTree = "<group>";
		};
		DE78CD45264D603A00EF5639 /* Model */ = {
			isa = PBXGroup;
			children = (
				DE68B341264D68690094AD94 /* Content+CoreDataClass.swift */,
				DE68B342264D68690094AD94 /* Content+CoreDataProperties.swift */,
				DE68B343264D68690094AD94 /* Group+CoreDataClass.swift */,
				DE68B344264D68690094AD94 /* Group+CoreDataProperties.swift */,
				DE68B345264D68690094AD94 /* User+CoreDataClass.swift */,
				DE68B346264D68690094AD94 /* User+CoreDataProperties.swift */,
			);
			path = Model;
			sourceTree = "<group>";
		};
		DE78CD46264D606900EF5639 /* CoreData */ = {
			isa = PBXGroup;
			children = (
				DE78CD45264D603A00EF5639 /* Model */,
				DE3F12E2264AC58300E00BFD /* Persistence.swift */,
			);
			path = CoreData;
			sourceTree = "<group>";
		};
/* End PBXGroup section */

/* Begin PBXNativeTarget section */
		DE3F12E7264AC58400E00BFD /* multi-challenge (iOS) */ = {
			isa = PBXNativeTarget;
			buildConfigurationList = DE3F1316264AC58400E00BFD /* Build configuration list for PBXNativeTarget "multi-challenge (iOS)" */;
			buildPhases = (
				DE3F12E4264AC58400E00BFD /* Sources */,
				DE3F12E5264AC58400E00BFD /* Frameworks */,
				DE3F12E6264AC58400E00BFD /* Resources */,
				DE3F1326264ACC2B00E00BFD /* ShellScript */,
			);
			buildRules = (
			);
			dependencies = (
			);
			name = "multi-challenge (iOS)";
			packageProductDependencies = (
				273DD0102657F00000C39F9C /* HighlightedTextEditor */,
				AF7AFE3E265D5F1100EECC39 /* SwiftUILib.DocumentPicker */,
			);
			productName = "multi-challenge (iOS)";
			productReference = DE3F12E8264AC58400E00BFD /* multi-challenge.app */;
			productType = "com.apple.product-type.application";
		};
		DE3F12EF264AC58400E00BFD /* multi-challenge (macOS) */ = {
			isa = PBXNativeTarget;
			buildConfigurationList = DE3F1319264AC58400E00BFD /* Build configuration list for PBXNativeTarget "multi-challenge (macOS)" */;
			buildPhases = (
				DE3F12EC264AC58400E00BFD /* Sources */,
				DE3F12ED264AC58400E00BFD /* Frameworks */,
				DE3F12EE264AC58400E00BFD /* Resources */,
				DE3F1327264ACC4400E00BFD /* ShellScript */,
			);
			buildRules = (
			);
			dependencies = (
			);
			name = "multi-challenge (macOS)";
			packageProductDependencies = (
				273DD0132657F02700C39F9C /* HighlightedTextEditor */,
				AF7AFE40265D5F3300EECC39 /* SwiftUILib.DocumentPicker */,
			);
			productName = "multi-challenge (macOS)";
			productReference = DE3F12F0264AC58400E00BFD /* multi-challenge.app */;
			productType = "com.apple.product-type.application";
		};
		DE3F12F7264AC58400E00BFD /* Tests iOS */ = {
			isa = PBXNativeTarget;
			buildConfigurationList = DE3F131C264AC58400E00BFD /* Build configuration list for PBXNativeTarget "Tests iOS" */;
			buildPhases = (
				DE3F12F4264AC58400E00BFD /* Sources */,
				DE3F12F5264AC58400E00BFD /* Frameworks */,
				DE3F12F6264AC58400E00BFD /* Resources */,
			);
			buildRules = (
			);
			dependencies = (
				DE3F12FA264AC58400E00BFD /* PBXTargetDependency */,
			);
			name = "Tests iOS";
			productName = "Tests iOS";
			productReference = DE3F12F8264AC58400E00BFD /* Tests iOS.xctest */;
			productType = "com.apple.product-type.bundle.ui-testing";
		};
		DE3F1302264AC58400E00BFD /* Tests macOS */ = {
			isa = PBXNativeTarget;
			buildConfigurationList = DE3F131F264AC58400E00BFD /* Build configuration list for PBXNativeTarget "Tests macOS" */;
			buildPhases = (
				DE3F12FF264AC58400E00BFD /* Sources */,
				DE3F1300264AC58400E00BFD /* Frameworks */,
				DE3F1301264AC58400E00BFD /* Resources */,
			);
			buildRules = (
			);
			dependencies = (
				DE3F1305264AC58400E00BFD /* PBXTargetDependency */,
				AF7AFE36265D5C8200EECC39 /* PBXTargetDependency */,
			);
			name = "Tests macOS";
			productName = "Tests macOS";
			productReference = DE3F1303264AC58400E00BFD /* Tests macOS.xctest */;
			productType = "com.apple.product-type.bundle.ui-testing";
		};
/* End PBXNativeTarget section */

/* Begin PBXProject section */
		DE3F12D9264AC58300E00BFD /* Project object */ = {
			isa = PBXProject;
			attributes = {
				LastSwiftUpdateCheck = 1240;
				LastUpgradeCheck = 1250;
				TargetAttributes = {
					DE3F12E7264AC58400E00BFD = {
						CreatedOnToolsVersion = 12.4;
					};
					DE3F12EF264AC58400E00BFD = {
						CreatedOnToolsVersion = 12.4;
					};
					DE3F12F7264AC58400E00BFD = {
						CreatedOnToolsVersion = 12.4;
						TestTargetID = DE3F12E7264AC58400E00BFD;
					};
					DE3F1302264AC58400E00BFD = {
						CreatedOnToolsVersion = 12.4;
						TestTargetID = DE3F12EF264AC58400E00BFD;
					};
				};
			};
			buildConfigurationList = DE3F12DC264AC58300E00BFD /* Build configuration list for PBXProject "multi-challenge" */;
			compatibilityVersion = "Xcode 9.3";
			developmentRegion = en;
			hasScannedForEncodings = 0;
			knownRegions = (
				en,
				Base,
			);
			mainGroup = DE3F12D8264AC58300E00BFD;
			packageReferences = (
				273DD00F2657F00000C39F9C /* XCRemoteSwiftPackageReference "HighlightedTextEditor" */,
				AF7AFE3D265D5F1100EECC39 /* XCRemoteSwiftPackageReference "document-picker" */,
			);
			productRefGroup = DE3F12E9264AC58400E00BFD /* Products */;
			projectDirPath = "";
			projectRoot = "";
			targets = (
				DE3F12E7264AC58400E00BFD /* multi-challenge (iOS) */,
				DE3F12EF264AC58400E00BFD /* multi-challenge (macOS) */,
				DE3F12F7264AC58400E00BFD /* Tests iOS */,
				DE3F1302264AC58400E00BFD /* Tests macOS */,
			);
		};
/* End PBXProject section */

/* Begin PBXResourcesBuildPhase section */
		DE3F12E6264AC58400E00BFD /* Resources */ = {
			isa = PBXResourcesBuildPhase;
			buildActionMask = 2147483647;
			files = (
				DE3F1329264ACC9600E00BFD /* .swiftlint.yml in Resources */,
				DE3F1312264AC58400E00BFD /* Assets.xcassets in Resources */,
			);
			runOnlyForDeploymentPostprocessing = 0;
		};
		DE3F12EE264AC58400E00BFD /* Resources */ = {
			isa = PBXResourcesBuildPhase;
			buildActionMask = 2147483647;
			files = (
				DE3F132A264ACC9600E00BFD /* .swiftlint.yml in Resources */,
				DE3F1313264AC58400E00BFD /* Assets.xcassets in Resources */,
			);
			runOnlyForDeploymentPostprocessing = 0;
		};
		DE3F12F6264AC58400E00BFD /* Resources */ = {
			isa = PBXResourcesBuildPhase;
			buildActionMask = 2147483647;
			files = (
			);
			runOnlyForDeploymentPostprocessing = 0;
		};
		DE3F1301264AC58400E00BFD /* Resources */ = {
			isa = PBXResourcesBuildPhase;
			buildActionMask = 2147483647;
			files = (
			);
			runOnlyForDeploymentPostprocessing = 0;
		};
/* End PBXResourcesBuildPhase section */

/* Begin PBXShellScriptBuildPhase section */
		DE3F1326264ACC2B00E00BFD /* ShellScript */ = {
			isa = PBXShellScriptBuildPhase;
			buildActionMask = 2147483647;
			files = (
			);
			inputFileListPaths = (
			);
			inputPaths = (
			);
			outputFileListPaths = (
			);
			outputPaths = (
			);
			runOnlyForDeploymentPostprocessing = 0;
			shellPath = /bin/sh;
			shellScript = "if which swiftlint >/dev/null; then\n  swiftlint\nelse\n  echo \"warning: SwiftLint not installed, download from https://github.com/realm/SwiftLint\"\nfi\n";
		};
		DE3F1327264ACC4400E00BFD /* ShellScript */ = {
			isa = PBXShellScriptBuildPhase;
			buildActionMask = 2147483647;
			files = (
			);
			inputFileListPaths = (
			);
			inputPaths = (
			);
			outputFileListPaths = (
			);
			outputPaths = (
			);
			runOnlyForDeploymentPostprocessing = 0;
			shellPath = /bin/sh;
			shellScript = "if which swiftlint >/dev/null; then\n  swiftlint\nelse\n  echo \"warning: SwiftLint not installed, download from https://github.com/realm/SwiftLint\"\nfi\n";
		};
/* End PBXShellScriptBuildPhase section */

/* Begin PBXSourcesBuildPhase section */
		DE3F12E4264AC58400E00BFD /* Sources */ = {
			isa = PBXSourcesBuildPhase;
			buildActionMask = 2147483647;
			files = (
				AF4CC496265E7AE0005C9CBA /* CustomButtonStyle.swift in Sources */,
				AF7CB9822656AD76006A54AA /* RoundedCorners.swift in Sources */,
				27004534264D5C3A00A5CFBB /* ColorsList.swift in Sources */,
				AF7AFE34265D5BCC00EECC39 /* DocumentPicker.swift in Sources */,
				272B375D264C152500D6BDC6 /* AvatarHandler.swift in Sources */,
				DEEE5D4D265559150063BAC1 /* GroupView.swift in Sources */,
				DE78CCC3264C122F00EF5639 /* Color+AppColors.swift in Sources */,
				DEC69D6B2653E2BE000834E2 /* MyBinderView.swift in Sources */,
				273DD0162657F29400C39F9C /* SummaryView.swift in Sources */,
				DE68B34B264D68690094AD94 /* Group+CoreDataClass.swift in Sources */,
				AF7CB97E26568D13006A54AA /* AddMaterial.swift in Sources */,
				DE68B351264D68690094AD94 /* User+CoreDataProperties.swift in Sources */,
				2E855E6D265558D700CBA74E /* CopyTo.swift in Sources */,
				2E855E272653FB3200CBA74E /* SearchBar.swift in Sources */,
				DEEE5D64265697060063BAC1 /* UserRoundedIcon.swift in Sources */,
				DE68B349264D68690094AD94 /* Content+CoreDataProperties.swift in Sources */,
				AF7CB980265690A7006A54AA /* ImportPDF.swift in Sources */,
				DE3F130A264AC58400E00BFD /* multi_challenge.xcdatamodeld in Sources */,
				2E855E7B2656921200CBA74E /* EditGroup.swift in Sources */,
				2E9ADFED264EB4E200078CF1 /* IconNumberInfo.swift in Sources */,
				273DD019265BCF8900C39F9C /* ViewSummary.swift in Sources */,
				AFAA7E31264E9D06007CB298 /* ContentCover.swift in Sources */,
				2EE2964826533FFD006BB4ED /* GroupItemRow.swift in Sources */,
				DE3F1310264AC58400E00BFD /* Persistence.swift in Sources */,
				27A79FBD2652B5B00052C8C6 /* BarController.swift in Sources */,
				DE3F130C264AC58400E00BFD /* MultiChallengeApp.swift in Sources */,
				DE68B368264D735C0094AD94 /* UserRoundedImage.swift in Sources */,
				DE68B347264D68690094AD94 /* Content+CoreDataClass.swift in Sources */,
				DE68B34D264D68690094AD94 /* Group+CoreDataProperties.swift in Sources */,
				AF664BA82652AB8900A6964E /* CreateGroup.swift in Sources */,
				DE68B34F264D68690094AD94 /* User+CoreDataClass.swift in Sources */,
				DE671D9F2651EAD700F6942B /* UserRoundedImageList.swift in Sources */,
				AFAA7E35264E9E1A007CB298 /* ContentCoverList.swift in Sources */,
				27004530264D4B4900A5CFBB /* ImagePicker.swift in Sources */,
				2E855E202653F26300CBA74E /* GroupList.swift in Sources */,
				2EE2963A2652AF9A006BB4ED /* StringFirstLetter.swift in Sources */,
				273DD01C265BD69900C39F9C /* MaterialView.swift in Sources */,
				DE3F130E264AC58400E00BFD /* ContentView.swift in Sources */,
				272B3762264C227400D6BDC6 /* CircleColor.swift in Sources */,
				2E9ADFFD264EC5C900078CF1 /* CircleUserProfile.swift in Sources */,
				2EE296412652B261006BB4ED /* DataModelGroupCell.swift in Sources */,
				2E9ADFF7264EBCF500078CF1 /* GroupImageUsersInfo.swift in Sources */,
				AF2746502655364E006DD20B /* CreateSummary.swift in Sources */,
				27004532264D5AB500A5CFBB /* ImageOrColorView.swift in Sources */,
				AFFE436A264D5B7C000B88DF /* View.swift in Sources */,
				DEEE5D6B26569C130063BAC1 /* ChainButton.swift in Sources */,
				AFFE4374264D6CDA000B88DF /* CircleButton.swift in Sources */,
				AF0188CB265400E100E1C347 /* ExDivider.swift in Sources */,
				AFFE4377264D6D0D000B88DF /* CircleImageProfile.swift in Sources */,
				AFAA7E38264EBAC5007CB298 /* DataModelTest.swift in Sources */,
				2E855E362655371900CBA74E /* Groups.swift in Sources */,
				AFFE4371264D6C9A000B88DF /* AuxiliarView.swift in Sources */,
				273DD01F265BD75300C39F9C /* PDFViewer.swift in Sources */,
				2E9ADFDA264D54CE00078CF1 /* FooterInvitationGroup.swift in Sources */,
			);
			runOnlyForDeploymentPostprocessing = 0;
		};
		DE3F12EC264AC58400E00BFD /* Sources */ = {
			isa = PBXSourcesBuildPhase;
			buildActionMask = 2147483647;
			files = (
				DE3F130B264AC58400E00BFD /* multi_challenge.xcdatamodeld in Sources */,
				2787C7CF2656AB1500DA49AD /* ImageOrColorView.swift in Sources */,
				AF7A00E3265D2C1900A6EF38 /* AddMaterial.swift in Sources */,
				AF4CC495265E7A0A005C9CBA /* CustomButtonStyle.swift in Sources */,
				AFFE4375264D6CDA000B88DF /* CircleButton.swift in Sources */,
				DE3F1311264AC58400E00BFD /* Persistence.swift in Sources */,
				2E855E50265537A200CBA74E /* AvatarHandler.swift in Sources */,
				27A79FBE2652B5B00052C8C6 /* BarController.swift in Sources */,
				DE3F130D264AC58400E00BFD /* MultiChallengeApp.swift in Sources */,
				DE68B369264D735C0094AD94 /* UserRoundedImage.swift in Sources */,
				AFAA7E39264EBAC5007CB298 /* DataModelTest.swift in Sources */,
				AFFE436B264D5B7C000B88DF /* View.swift in Sources */,
				2E855E282653FB3200CBA74E /* SearchBar.swift in Sources */,
				AF7CB9832656AD7A006A54AA /* RoundedCorners.swift in Sources */,
				DEEE5D6C26569C130063BAC1 /* ChainButton.swift in Sources */,
				DE3F130F264AC58400E00BFD /* ContentView.swift in Sources */,
				2EE296422652B261006BB4ED /* DataModelGroupCell.swift in Sources */,
				2E855E412655375400CBA74E /* FooterInvitationGroup.swift in Sources */,
				2E855E462655379400CBA74E /* ImagePicker.swift in Sources */,
				DE68B350264D68690094AD94 /* User+CoreDataClass.swift in Sources */,
				AFAA7E32264E9D06007CB298 /* ContentCover.swift in Sources */,
				DE68B34A264D68690094AD94 /* Content+CoreDataProperties.swift in Sources */,
				DE68B34C264D68690094AD94 /* Group+CoreDataClass.swift in Sources */,
				AF7A00E0265D299300A6EF38 /* CreateSummary.swift in Sources */,
				273DD0172657F29400C39F9C /* SummaryView.swift in Sources */,
				2E855E5F265537C900CBA74E /* CircleUserProfile.swift in Sources */,
				AF664BA92652ABDD00A6964E /* CreateGroup.swift in Sources */,
				273DD01D265BD69900C39F9C /* MaterialView.swift in Sources */,
				DE68B352264D68690094AD94 /* User+CoreDataProperties.swift in Sources */,
				2EE2963B2652AF9A006BB4ED /* StringFirstLetter.swift in Sources */,
				DE671DA02651EAD700F6942B /* UserRoundedImageList.swift in Sources */,
				273DD01A265BCF8900C39F9C /* ViewSummary.swift in Sources */,
				DE78CCC4264C122F00EF5639 /* Color+AppColors.swift in Sources */,
				AFFE4378264D6D0D000B88DF /* CircleImageProfile.swift in Sources */,
				AFFE4372264D6C9A000B88DF /* AuxiliarView.swift in Sources */,
				2E855E3C2655373600CBA74E /* Groups.swift in Sources */,
				2E855E212653F26300CBA74E /* GroupList.swift in Sources */,
				2E855E55265537C200CBA74E /* IconNumberInfo.swift in Sources */,
				AF7A00DE265D23FF00A6EF38 /* ImportPDF.swift in Sources */,
				DE68B34E264D68690094AD94 /* Group+CoreDataProperties.swift in Sources */,
				273DD023265BDA8D00C39F9C /* PDFViewer.swift in Sources */,
				2E855E8B265692A000CBA74E /* EditGroup.swift in Sources */,
				2E855E5A265537C600CBA74E /* GroupImageUsersInfo.swift in Sources */,
				DE68B348264D68690094AD94 /* Content+CoreDataClass.swift in Sources */,
				2E855E4B2655379D00CBA74E /* CircleColor.swift in Sources */,
				AF0188CC265400F700E1C347 /* ExDivider.swift in Sources */,
				AFAA7E36264E9E1A007CB298 /* ContentCoverList.swift in Sources */,
				AF7A00D8265D22F300A6EF38 /* CustomButton.swift in Sources */,
				2787C7D02656AB6100DA49AD /* ColorsList.swift in Sources */,
				2EE2964926533FFD006BB4ED /* GroupItemRow.swift in Sources */,
				DEEE5D65265697060063BAC1 /* UserRoundedIcon.swift in Sources */,
			);
			runOnlyForDeploymentPostprocessing = 0;
		};
		DE3F12F4264AC58400E00BFD /* Sources */ = {
			isa = PBXSourcesBuildPhase;
			buildActionMask = 2147483647;
			files = (
				DE3F12FD264AC58400E00BFD /* TestsiOS.swift in Sources */,
			);
			runOnlyForDeploymentPostprocessing = 0;
		};
		DE3F12FF264AC58400E00BFD /* Sources */ = {
			isa = PBXSourcesBuildPhase;
			buildActionMask = 2147483647;
			files = (
				DE3F1308264AC58400E00BFD /* TestsMacOS.swift in Sources */,
			);
			runOnlyForDeploymentPostprocessing = 0;
		};
/* End PBXSourcesBuildPhase section */

/* Begin PBXTargetDependency section */
		AF7AFE36265D5C8200EECC39 /* PBXTargetDependency */ = {
			isa = PBXTargetDependency;
			target = DE3F12E7264AC58400E00BFD /* multi-challenge (iOS) */;
			targetProxy = AF7AFE35265D5C8200EECC39 /* PBXContainerItemProxy */;
		};
		DE3F12FA264AC58400E00BFD /* PBXTargetDependency */ = {
			isa = PBXTargetDependency;
			target = DE3F12E7264AC58400E00BFD /* multi-challenge (iOS) */;
			targetProxy = DE3F12F9264AC58400E00BFD /* PBXContainerItemProxy */;
		};
		DE3F1305264AC58400E00BFD /* PBXTargetDependency */ = {
			isa = PBXTargetDependency;
			target = DE3F12EF264AC58400E00BFD /* multi-challenge (macOS) */;
			targetProxy = DE3F1304264AC58400E00BFD /* PBXContainerItemProxy */;
		};
/* End PBXTargetDependency section */

/* Begin XCBuildConfiguration section */
		DE3F1314264AC58400E00BFD /* Debug */ = {
			isa = XCBuildConfiguration;
			buildSettings = {
				ALWAYS_SEARCH_USER_PATHS = NO;
				CLANG_ANALYZER_NONNULL = YES;
				CLANG_ANALYZER_NUMBER_OBJECT_CONVERSION = YES_AGGRESSIVE;
				CLANG_CXX_LANGUAGE_STANDARD = "gnu++14";
				CLANG_CXX_LIBRARY = "libc++";
				CLANG_ENABLE_MODULES = YES;
				CLANG_ENABLE_OBJC_ARC = YES;
				CLANG_ENABLE_OBJC_WEAK = YES;
				CLANG_WARN_BLOCK_CAPTURE_AUTORELEASING = YES;
				CLANG_WARN_BOOL_CONVERSION = YES;
				CLANG_WARN_COMMA = YES;
				CLANG_WARN_CONSTANT_CONVERSION = YES;
				CLANG_WARN_DEPRECATED_OBJC_IMPLEMENTATIONS = YES;
				CLANG_WARN_DIRECT_OBJC_ISA_USAGE = YES_ERROR;
				CLANG_WARN_DOCUMENTATION_COMMENTS = YES;
				CLANG_WARN_EMPTY_BODY = YES;
				CLANG_WARN_ENUM_CONVERSION = YES;
				CLANG_WARN_INFINITE_RECURSION = YES;
				CLANG_WARN_INT_CONVERSION = YES;
				CLANG_WARN_NON_LITERAL_NULL_CONVERSION = YES;
				CLANG_WARN_OBJC_IMPLICIT_RETAIN_SELF = YES;
				CLANG_WARN_OBJC_LITERAL_CONVERSION = YES;
				CLANG_WARN_OBJC_ROOT_CLASS = YES_ERROR;
				CLANG_WARN_QUOTED_INCLUDE_IN_FRAMEWORK_HEADER = YES;
				CLANG_WARN_RANGE_LOOP_ANALYSIS = YES;
				CLANG_WARN_STRICT_PROTOTYPES = YES;
				CLANG_WARN_SUSPICIOUS_MOVE = YES;
				CLANG_WARN_UNGUARDED_AVAILABILITY = YES_AGGRESSIVE;
				CLANG_WARN_UNREACHABLE_CODE = YES;
				CLANG_WARN__DUPLICATE_METHOD_MATCH = YES;
				COPY_PHASE_STRIP = NO;
				DEBUG_INFORMATION_FORMAT = dwarf;
				ENABLE_STRICT_OBJC_MSGSEND = YES;
				ENABLE_TESTABILITY = YES;
				GCC_C_LANGUAGE_STANDARD = gnu11;
				GCC_DYNAMIC_NO_PIC = NO;
				GCC_NO_COMMON_BLOCKS = YES;
				GCC_OPTIMIZATION_LEVEL = 0;
				GCC_PREPROCESSOR_DEFINITIONS = (
					"DEBUG=1",
					"$(inherited)",
				);
				GCC_WARN_64_TO_32_BIT_CONVERSION = YES;
				GCC_WARN_ABOUT_RETURN_TYPE = YES_ERROR;
				GCC_WARN_UNDECLARED_SELECTOR = YES;
				GCC_WARN_UNINITIALIZED_AUTOS = YES_AGGRESSIVE;
				GCC_WARN_UNUSED_FUNCTION = YES;
				GCC_WARN_UNUSED_VARIABLE = YES;
				MTL_ENABLE_DEBUG_INFO = INCLUDE_SOURCE;
				MTL_FAST_MATH = YES;
				ONLY_ACTIVE_ARCH = YES;
				SWIFT_ACTIVE_COMPILATION_CONDITIONS = DEBUG;
				SWIFT_OPTIMIZATION_LEVEL = "-Onone";
			};
			name = Debug;
		};
		DE3F1315264AC58400E00BFD /* Release */ = {
			isa = XCBuildConfiguration;
			buildSettings = {
				ALWAYS_SEARCH_USER_PATHS = NO;
				CLANG_ANALYZER_NONNULL = YES;
				CLANG_ANALYZER_NUMBER_OBJECT_CONVERSION = YES_AGGRESSIVE;
				CLANG_CXX_LANGUAGE_STANDARD = "gnu++14";
				CLANG_CXX_LIBRARY = "libc++";
				CLANG_ENABLE_MODULES = YES;
				CLANG_ENABLE_OBJC_ARC = YES;
				CLANG_ENABLE_OBJC_WEAK = YES;
				CLANG_WARN_BLOCK_CAPTURE_AUTORELEASING = YES;
				CLANG_WARN_BOOL_CONVERSION = YES;
				CLANG_WARN_COMMA = YES;
				CLANG_WARN_CONSTANT_CONVERSION = YES;
				CLANG_WARN_DEPRECATED_OBJC_IMPLEMENTATIONS = YES;
				CLANG_WARN_DIRECT_OBJC_ISA_USAGE = YES_ERROR;
				CLANG_WARN_DOCUMENTATION_COMMENTS = YES;
				CLANG_WARN_EMPTY_BODY = YES;
				CLANG_WARN_ENUM_CONVERSION = YES;
				CLANG_WARN_INFINITE_RECURSION = YES;
				CLANG_WARN_INT_CONVERSION = YES;
				CLANG_WARN_NON_LITERAL_NULL_CONVERSION = YES;
				CLANG_WARN_OBJC_IMPLICIT_RETAIN_SELF = YES;
				CLANG_WARN_OBJC_LITERAL_CONVERSION = YES;
				CLANG_WARN_OBJC_ROOT_CLASS = YES_ERROR;
				CLANG_WARN_QUOTED_INCLUDE_IN_FRAMEWORK_HEADER = YES;
				CLANG_WARN_RANGE_LOOP_ANALYSIS = YES;
				CLANG_WARN_STRICT_PROTOTYPES = YES;
				CLANG_WARN_SUSPICIOUS_MOVE = YES;
				CLANG_WARN_UNGUARDED_AVAILABILITY = YES_AGGRESSIVE;
				CLANG_WARN_UNREACHABLE_CODE = YES;
				CLANG_WARN__DUPLICATE_METHOD_MATCH = YES;
				COPY_PHASE_STRIP = NO;
				DEBUG_INFORMATION_FORMAT = "dwarf-with-dsym";
				ENABLE_NS_ASSERTIONS = NO;
				ENABLE_STRICT_OBJC_MSGSEND = YES;
				GCC_C_LANGUAGE_STANDARD = gnu11;
				GCC_NO_COMMON_BLOCKS = YES;
				GCC_WARN_64_TO_32_BIT_CONVERSION = YES;
				GCC_WARN_ABOUT_RETURN_TYPE = YES_ERROR;
				GCC_WARN_UNDECLARED_SELECTOR = YES;
				GCC_WARN_UNINITIALIZED_AUTOS = YES_AGGRESSIVE;
				GCC_WARN_UNUSED_FUNCTION = YES;
				GCC_WARN_UNUSED_VARIABLE = YES;
				MTL_ENABLE_DEBUG_INFO = NO;
				MTL_FAST_MATH = YES;
				SWIFT_COMPILATION_MODE = wholemodule;
				SWIFT_OPTIMIZATION_LEVEL = "-O";
			};
			name = Release;
		};
		DE3F1317264AC58400E00BFD /* Debug */ = {
			isa = XCBuildConfiguration;
			buildSettings = {
				ASSETCATALOG_COMPILER_APPICON_NAME = AppIcon;
				ASSETCATALOG_COMPILER_GLOBAL_ACCENT_COLOR_NAME = AccentColor;
				CODE_SIGN_STYLE = Automatic;
				DEVELOPMENT_TEAM = T373QFGJQA;
				ENABLE_PREVIEWS = YES;
				INFOPLIST_FILE = iOS/Info.plist;
				IPHONEOS_DEPLOYMENT_TARGET = 14.0;
				LD_RUNPATH_SEARCH_PATHS = (
					"$(inherited)",
					"@executable_path/Frameworks",
				);
				PRODUCT_BUNDLE_IDENTIFIER = "com.ferreira.multi-challenge";
				PRODUCT_NAME = "multi-challenge";
				SDKROOT = iphoneos;
				SWIFT_VERSION = 5.0;
				TARGETED_DEVICE_FAMILY = "1,2";
			};
			name = Debug;
		};
		DE3F1318264AC58400E00BFD /* Release */ = {
			isa = XCBuildConfiguration;
			buildSettings = {
				ASSETCATALOG_COMPILER_APPICON_NAME = AppIcon;
				ASSETCATALOG_COMPILER_GLOBAL_ACCENT_COLOR_NAME = AccentColor;
				CODE_SIGN_STYLE = Automatic;
				DEVELOPMENT_TEAM = T373QFGJQA;
				ENABLE_PREVIEWS = YES;
				INFOPLIST_FILE = iOS/Info.plist;
				IPHONEOS_DEPLOYMENT_TARGET = 14.0;
				LD_RUNPATH_SEARCH_PATHS = (
					"$(inherited)",
					"@executable_path/Frameworks",
				);
				PRODUCT_BUNDLE_IDENTIFIER = "com.ferreira.multi-challenge";
				PRODUCT_NAME = "multi-challenge";
				SDKROOT = iphoneos;
				SWIFT_VERSION = 5.0;
				TARGETED_DEVICE_FAMILY = "1,2";
				VALIDATE_PRODUCT = YES;
			};
			name = Release;
		};
		DE3F131A264AC58400E00BFD /* Debug */ = {
			isa = XCBuildConfiguration;
			buildSettings = {
				ASSETCATALOG_COMPILER_APPICON_NAME = AppIcon;
				ASSETCATALOG_COMPILER_GLOBAL_ACCENT_COLOR_NAME = AccentColor;
				CODE_SIGN_ENTITLEMENTS = macOS/macOS.entitlements;
				CODE_SIGN_IDENTITY = "-";
				CODE_SIGN_STYLE = Automatic;
				COMBINE_HIDPI_IMAGES = YES;
				DEVELOPMENT_TEAM = R39G5DLZJ3;
				ENABLE_HARDENED_RUNTIME = YES;
				ENABLE_PREVIEWS = YES;
				INFOPLIST_FILE = macOS/Info.plist;
				LD_RUNPATH_SEARCH_PATHS = (
					"$(inherited)",
					"@executable_path/../Frameworks",
				);
				MACOSX_DEPLOYMENT_TARGET = 11.0;
				PRODUCT_BUNDLE_IDENTIFIER = "com.ferreira.multi-challenge";
				PRODUCT_NAME = "multi-challenge";
				SDKROOT = macosx;
				SWIFT_VERSION = 5.0;
			};
			name = Debug;
		};
		DE3F131B264AC58400E00BFD /* Release */ = {
			isa = XCBuildConfiguration;
			buildSettings = {
				ASSETCATALOG_COMPILER_APPICON_NAME = AppIcon;
				ASSETCATALOG_COMPILER_GLOBAL_ACCENT_COLOR_NAME = AccentColor;
				CODE_SIGN_ENTITLEMENTS = macOS/macOS.entitlements;
				CODE_SIGN_IDENTITY = "-";
				CODE_SIGN_STYLE = Automatic;
				COMBINE_HIDPI_IMAGES = YES;
				DEVELOPMENT_TEAM = R39G5DLZJ3;
				ENABLE_HARDENED_RUNTIME = YES;
				ENABLE_PREVIEWS = YES;
				INFOPLIST_FILE = macOS/Info.plist;
				LD_RUNPATH_SEARCH_PATHS = (
					"$(inherited)",
					"@executable_path/../Frameworks",
				);
				MACOSX_DEPLOYMENT_TARGET = 11.0;
				PRODUCT_BUNDLE_IDENTIFIER = "com.ferreira.multi-challenge";
				PRODUCT_NAME = "multi-challenge";
				SDKROOT = macosx;
				SWIFT_VERSION = 5.0;
			};
			name = Release;
		};
		DE3F131D264AC58400E00BFD /* Debug */ = {
			isa = XCBuildConfiguration;
			buildSettings = {
				ALWAYS_EMBED_SWIFT_STANDARD_LIBRARIES = YES;
				CODE_SIGN_STYLE = Automatic;
				DEVELOPMENT_TEAM = R39G5DLZJ3;
				INFOPLIST_FILE = "Tests iOS/Info.plist";
				IPHONEOS_DEPLOYMENT_TARGET = 14.4;
				LD_RUNPATH_SEARCH_PATHS = (
					"$(inherited)",
					"@executable_path/Frameworks",
					"@loader_path/Frameworks",
				);
				PRODUCT_BUNDLE_IDENTIFIER = "com.ferreira.Tests-iOS";
				PRODUCT_NAME = "$(TARGET_NAME)";
				SDKROOT = iphoneos;
				SWIFT_VERSION = 5.0;
				TARGETED_DEVICE_FAMILY = "1,2";
				TEST_TARGET_NAME = "multi-challenge (iOS)";
			};
			name = Debug;
		};
		DE3F131E264AC58400E00BFD /* Release */ = {
			isa = XCBuildConfiguration;
			buildSettings = {
				ALWAYS_EMBED_SWIFT_STANDARD_LIBRARIES = YES;
				CODE_SIGN_STYLE = Automatic;
				DEVELOPMENT_TEAM = R39G5DLZJ3;
				INFOPLIST_FILE = "Tests iOS/Info.plist";
				IPHONEOS_DEPLOYMENT_TARGET = 14.4;
				LD_RUNPATH_SEARCH_PATHS = (
					"$(inherited)",
					"@executable_path/Frameworks",
					"@loader_path/Frameworks",
				);
				PRODUCT_BUNDLE_IDENTIFIER = "com.ferreira.Tests-iOS";
				PRODUCT_NAME = "$(TARGET_NAME)";
				SDKROOT = iphoneos;
				SWIFT_VERSION = 5.0;
				TARGETED_DEVICE_FAMILY = "1,2";
				TEST_TARGET_NAME = "multi-challenge (iOS)";
				VALIDATE_PRODUCT = YES;
			};
			name = Release;
		};
		DE3F1320264AC58400E00BFD /* Debug */ = {
			isa = XCBuildConfiguration;
			buildSettings = {
				ALWAYS_EMBED_SWIFT_STANDARD_LIBRARIES = YES;
				CODE_SIGN_STYLE = Automatic;
				COMBINE_HIDPI_IMAGES = YES;
				DEVELOPMENT_TEAM = R39G5DLZJ3;
				INFOPLIST_FILE = "Tests macOS/Info.plist";
				LD_RUNPATH_SEARCH_PATHS = (
					"$(inherited)",
					"@executable_path/../Frameworks",
					"@loader_path/../Frameworks",
				);
				MACOSX_DEPLOYMENT_TARGET = 11.1;
				PRODUCT_BUNDLE_IDENTIFIER = "com.ferreira.Tests-macOS";
				PRODUCT_NAME = "$(TARGET_NAME)";
				SDKROOT = macosx;
				SWIFT_VERSION = 5.0;
				TEST_TARGET_NAME = "multi-challenge (macOS)";
			};
			name = Debug;
		};
		DE3F1321264AC58400E00BFD /* Release */ = {
			isa = XCBuildConfiguration;
			buildSettings = {
				ALWAYS_EMBED_SWIFT_STANDARD_LIBRARIES = YES;
				CODE_SIGN_STYLE = Automatic;
				COMBINE_HIDPI_IMAGES = YES;
				DEVELOPMENT_TEAM = R39G5DLZJ3;
				INFOPLIST_FILE = "Tests macOS/Info.plist";
				LD_RUNPATH_SEARCH_PATHS = (
					"$(inherited)",
					"@executable_path/../Frameworks",
					"@loader_path/../Frameworks",
				);
				MACOSX_DEPLOYMENT_TARGET = 11.1;
				PRODUCT_BUNDLE_IDENTIFIER = "com.ferreira.Tests-macOS";
				PRODUCT_NAME = "$(TARGET_NAME)";
				SDKROOT = macosx;
				SWIFT_VERSION = 5.0;
				TEST_TARGET_NAME = "multi-challenge (macOS)";
			};
			name = Release;
		};
/* End XCBuildConfiguration section */

/* Begin XCConfigurationList section */
		DE3F12DC264AC58300E00BFD /* Build configuration list for PBXProject "multi-challenge" */ = {
			isa = XCConfigurationList;
			buildConfigurations = (
				DE3F1314264AC58400E00BFD /* Debug */,
				DE3F1315264AC58400E00BFD /* Release */,
			);
			defaultConfigurationIsVisible = 0;
			defaultConfigurationName = Release;
		};
		DE3F1316264AC58400E00BFD /* Build configuration list for PBXNativeTarget "multi-challenge (iOS)" */ = {
			isa = XCConfigurationList;
			buildConfigurations = (
				DE3F1317264AC58400E00BFD /* Debug */,
				DE3F1318264AC58400E00BFD /* Release */,
			);
			defaultConfigurationIsVisible = 0;
			defaultConfigurationName = Release;
		};
		DE3F1319264AC58400E00BFD /* Build configuration list for PBXNativeTarget "multi-challenge (macOS)" */ = {
			isa = XCConfigurationList;
			buildConfigurations = (
				DE3F131A264AC58400E00BFD /* Debug */,
				DE3F131B264AC58400E00BFD /* Release */,
			);
			defaultConfigurationIsVisible = 0;
			defaultConfigurationName = Release;
		};
		DE3F131C264AC58400E00BFD /* Build configuration list for PBXNativeTarget "Tests iOS" */ = {
			isa = XCConfigurationList;
			buildConfigurations = (
				DE3F131D264AC58400E00BFD /* Debug */,
				DE3F131E264AC58400E00BFD /* Release */,
			);
			defaultConfigurationIsVisible = 0;
			defaultConfigurationName = Release;
		};
		DE3F131F264AC58400E00BFD /* Build configuration list for PBXNativeTarget "Tests macOS" */ = {
			isa = XCConfigurationList;
			buildConfigurations = (
				DE3F1320264AC58400E00BFD /* Debug */,
				DE3F1321264AC58400E00BFD /* Release */,
			);
			defaultConfigurationIsVisible = 0;
			defaultConfigurationName = Release;
		};
/* End XCConfigurationList section */

/* Begin XCRemoteSwiftPackageReference section */
		273DD00F2657F00000C39F9C /* XCRemoteSwiftPackageReference "HighlightedTextEditor" */ = {
			isa = XCRemoteSwiftPackageReference;
			repositoryURL = "https://github.com/NobreMateus/HighlightedTextEditor.git";
			requirement = {
				branch = "feature/viewer-mode";
				kind = branch;
			};
		};
		AF7AFE3D265D5F1100EECC39 /* XCRemoteSwiftPackageReference "document-picker" */ = {
			isa = XCRemoteSwiftPackageReference;
			repositoryURL = "https://github.com/swiftuilib/document-picker";
			requirement = {
				branch = develop;
				kind = branch;
			};
		};
/* End XCRemoteSwiftPackageReference section */

/* Begin XCSwiftPackageProductDependency section */
		273DD0102657F00000C39F9C /* HighlightedTextEditor */ = {
			isa = XCSwiftPackageProductDependency;
			package = 273DD00F2657F00000C39F9C /* XCRemoteSwiftPackageReference "HighlightedTextEditor" */;
			productName = HighlightedTextEditor;
		};
		273DD0132657F02700C39F9C /* HighlightedTextEditor */ = {
			isa = XCSwiftPackageProductDependency;
			package = 273DD00F2657F00000C39F9C /* XCRemoteSwiftPackageReference "HighlightedTextEditor" */;
			productName = HighlightedTextEditor;
		};
		AF7AFE3E265D5F1100EECC39 /* SwiftUILib.DocumentPicker */ = {
			isa = XCSwiftPackageProductDependency;
			package = AF7AFE3D265D5F1100EECC39 /* XCRemoteSwiftPackageReference "document-picker" */;
			productName = SwiftUILib.DocumentPicker;
		};
		AF7AFE40265D5F3300EECC39 /* SwiftUILib.DocumentPicker */ = {
			isa = XCSwiftPackageProductDependency;
			package = AF7AFE3D265D5F1100EECC39 /* XCRemoteSwiftPackageReference "document-picker" */;
			productName = SwiftUILib.DocumentPicker;
		};
/* End XCSwiftPackageProductDependency section */

/* Begin XCVersionGroup section */
		DE3F12DE264AC58300E00BFD /* multi_challenge.xcdatamodeld */ = {
			isa = XCVersionGroup;
			children = (
				DE3F12DF264AC58300E00BFD /* Shared.xcdatamodel */,
			);
			currentVersion = DE3F12DF264AC58300E00BFD /* Shared.xcdatamodel */;
			path = multi_challenge.xcdatamodeld;
			sourceTree = "<group>";
			versionGroupType = wrapper.xcdatamodel;
		};
/* End XCVersionGroup section */
	};
	rootObject = DE3F12D9264AC58300E00BFD /* Project object */;
}
